
Microsoft Visual Studio Solution File, Format Version 12.00
# Visual Studio Version 17
VisualStudioVersion = 17.7.34031.279
MinimumVisualStudioVersion = 10.0.40219.1
Project("{8BC9CEB8-8B4A-11D0-8D11-00A0C91BC942}") = "Bai004", "Bai004\Bai004.vcxproj", "{41C96123-FEF1-4F13-AEE9-4F25DB0DE522}"
EndProject
Project("{8BC9CEB8-8B4A-11D0-8D11-00A0C91BC942}") = "Bai002", "Bai002\Bai002.vcxproj", "{8F27FEB6-6405-4EE7-8B4F-3CAA7ED4C603}"
EndProject
Project("{8BC9CEB8-8B4A-11D0-8D11-00A0C91BC942}") = "Bai006", "Bai006\Bai006.vcxproj", "{3C116FA6-2434-46C2-937E-E812389C18A9}"
EndProject
Project("{8BC9CEB8-8B4A-11D0-8D11-00A0C91BC942}") = "Bai008", "Bai008\Bai008.vcxproj", "{9804BB12-18A7-4216-8D0D-9BBFDB9AFAB8}"
EndProject
Project("{8BC9CEB8-8B4A-11D0-8D11-00A0C91BC942}") = "Bai010", "Bai010\Bai010.vcxproj", "{11F7A0CB-37CA-41D5-88DD-B89F7F4076FD}"
EndProject
Project("{8BC9CEB8-8B4A-11D0-8D11-00A0C91BC942}") = "Bai012", "Bai012\Bai012.vcxproj", "{02CB6042-2364-43F3-93BE-C1E398CD6CCD}"
EndProject
Project("{8BC9CEB8-8B4A-11D0-8D11-00A0C91BC942}") = "Bai014", "Bai014\Bai014.vcxproj", "{2054C01D-9B39-4243-A87F-3880760F3F5A}"
EndProject
Project("{8BC9CEB8-8B4A-11D0-8D11-00A0C91BC942}") = "Bai016", "Bai016\Bai016.vcxproj", "{23EABBC0-16A7-4B1A-9135-68E12D256168}"
EndProject
Project("{8BC9CEB8-8B4A-11D0-8D11-00A0C91BC942}") = "Bai018", "Bai018\Bai018.vcxproj", "{C5E8CF6A-5D4B-4D69-BA8E-8646570C386C}"
EndProject
Project("{8BC9CEB8-8B4A-11D0-8D11-00A0C91BC942}") = "Bai020", "Bai020\Bai020.vcxproj", "{C8D04BCA-BF40-4444-9930-FEDE9E3FD547}"
EndProject
Project("{8BC9CEB8-8B4A-11D0-8D11-00A0C91BC942}") = "Bai022", "Bai022\Bai022.vcxproj", "{B9FC09DB-D9EA-49F7-A923-DC08536FBC0D}"
EndProject
Project("{8BC9CEB8-8B4A-11D0-8D11-00A0C91BC942}") = "Bai024", "Bai024\Bai024.vcxproj", "{DE962FE2-9C5A-4AE8-A3AD-707915CE5F00}"
EndProject
Project("{8BC9CEB8-8B4A-11D0-8D11-00A0C91BC942}") = "Bai026", "Bai026\Bai026.vcxproj", "{7408209F-A202-435F-8BB0-340B225B8D3F}"
EndProject
Project("{8BC9CEB8-8B4A-11D0-8D11-00A0C91BC942}") = "Bai028", "Bai028\Bai028.vcxproj", "{2A1DCA68-76BD-47FD-9A9F-0C0A20353D10}"
EndProject
Project("{8BC9CEB8-8B4A-11D0-8D11-00A0C91BC942}") = "Bai030", "Bai030\Bai030.vcxproj", "{501F99C0-66D4-47E9-B30B-F17741D29AFB}"
EndProject
Project("{8BC9CEB8-8B4A-11D0-8D11-00A0C91BC942}") = "Bai032", "Bai032\Bai032.vcxproj", "{EB076BA8-96DC-40B6-BC45-91C22147FF4F}"
EndProject
Project("{8BC9CEB8-8B4A-11D0-8D11-00A0C91BC942}") = "Bai034", "Bai034\Bai034.vcxproj", "{9AD0E1F6-521A-4D17-9E83-B94866C328D2}"
EndProject
Project("{8BC9CEB8-8B4A-11D0-8D11-00A0C91BC942}") = "Bai036", "Bai036\Bai036.vcxproj", "{2B0D977A-C912-4B52-A476-D3343A787E10}"
EndProject
Project("{8BC9CEB8-8B4A-11D0-8D11-00A0C91BC942}") = "Bai038", "Bai038\Bai038.vcxproj", "{C0F7E783-32D8-4A27-B7E0-94C573EBA2FB}"
EndProject
Project("{8BC9CEB8-8B4A-11D0-8D11-00A0C91BC942}") = "Bai040", "Bai040\Bai040.vcxproj", "{6A984F30-704F-4A36-859B-61278635909F}"
EndProject
Project("{8BC9CEB8-8B4A-11D0-8D11-00A0C91BC942}") = "Bai042", "Bai042\Bai042.vcxproj", "{07686CE9-A7D8-4CD7-A9B8-CDB182C9012C}"
EndProject
Project("{8BC9CEB8-8B4A-11D0-8D11-00A0C91BC942}") = "Bai044", "Bai044\Bai044.vcxproj", "{118C0625-5EEE-4AFB-A2E9-A235F3AA8286}"
EndProject
Project("{8BC9CEB8-8B4A-11D0-8D11-00A0C91BC942}") = "Bai046", "Bai046\Bai046.vcxproj", "{E8F772DB-E355-4CC2-8B3C-EFFC979D98D3}"
EndProject
Project("{8BC9CEB8-8B4A-11D0-8D11-00A0C91BC942}") = "Bai048", "Bai048\Bai048.vcxproj", "{21716173-B342-4837-B1B8-BBE07232309D}"
EndProject
Project("{8BC9CEB8-8B4A-11D0-8D11-00A0C91BC942}") = "Bai050", "Bai050\Bai050.vcxproj", "{50BF2233-0E28-4F92-AFA1-034E0BCE9D12}"
EndProject
Project("{8BC9CEB8-8B4A-11D0-8D11-00A0C91BC942}") = "Bai052", "Bai052\Bai052.vcxproj", "{5D06CBC2-EF68-4FF3-8BFB-4B0EB9E94804}"
EndProject
Project("{8BC9CEB8-8B4A-11D0-8D11-00A0C91BC942}") = "Bai054", "Bai054\Bai054.vcxproj", "{5042AE9B-D1B5-4756-B966-A1F58F2E01E8}"
EndProject
Project("{8BC9CEB8-8B4A-11D0-8D11-00A0C91BC942}") = "Bai056", "Bai056\Bai056.vcxproj", "{0052A307-04BC-4A82-8208-785F530D2CF8}"
EndProject
Project("{8BC9CEB8-8B4A-11D0-8D11-00A0C91BC942}") = "Bai058", "Bai058\Bai058.vcxproj", "{DF5851B3-F730-4EC7-A51D-972B6AF0C65E}"
EndProject
Project("{8BC9CEB8-8B4A-11D0-8D11-00A0C91BC942}") = "Bai060", "Bai060\Bai060.vcxproj", "{D1EDA11A-ABF9-4DF8-9BA1-1F3F5AE93755}"
EndProject
Project("{8BC9CEB8-8B4A-11D0-8D11-00A0C91BC942}") = "Bai062", "Bai062\Bai062.vcxproj", "{E0649469-799D-4C2E-8C19-1507351C7ADE}"
EndProject
Project("{8BC9CEB8-8B4A-11D0-8D11-00A0C91BC942}") = "Bai064", "Bai064\Bai064.vcxproj", "{9C5AB675-2659-4A66-9F74-AF18DB90F0C3}"
EndProject
Project("{8BC9CEB8-8B4A-11D0-8D11-00A0C91BC942}") = "Bai066", "Bai066\Bai066.vcxproj", "{3DD1FE78-2754-4DB4-99D0-DDD036D88260}"
EndProject
Project("{8BC9CEB8-8B4A-11D0-8D11-00A0C91BC942}") = "Bai068", "Bai068\Bai068.vcxproj", "{DC1F3475-06FB-4134-AA6C-1266CE463AF3}"
EndProject
Project("{8BC9CEB8-8B4A-11D0-8D11-00A0C91BC942}") = "Bai070", "Bai070\Bai070.vcxproj", "{CCE0F4A8-61E2-4C36-9CB4-04708718CE59}"
EndProject
Project("{8BC9CEB8-8B4A-11D0-8D11-00A0C91BC942}") = "Bai072", "Bai072\Bai072.vcxproj", "{791BA054-5444-467C-8BA8-3F484513CE39}"
EndProject
Project("{8BC9CEB8-8B4A-11D0-8D11-00A0C91BC942}") = "Bai074", "Bai074\Bai074.vcxproj", "{677C346C-8AE2-4E72-9CAE-DD0998667491}"
EndProject
Project("{8BC9CEB8-8B4A-11D0-8D11-00A0C91BC942}") = "Bai076", "Bai076\Bai076.vcxproj", "{438FAED2-3227-4C79-8B14-61E9FD22DFE3}"
EndProject
Project("{8BC9CEB8-8B4A-11D0-8D11-00A0C91BC942}") = "Bai078", "Bai078\Bai078.vcxproj", "{65391109-8FBC-4221-A85E-81243C49513B}"
EndProject
Project("{8BC9CEB8-8B4A-11D0-8D11-00A0C91BC942}") = "Bai080", "Bai080\Bai080.vcxproj", "{852D8A44-7535-45AF-8ED1-13A095BB8F30}"
EndProject
Project("{8BC9CEB8-8B4A-11D0-8D11-00A0C91BC942}") = "Bai082", "Bai082\Bai082.vcxproj", "{9849C88C-D602-4D9F-AF35-63029D2B4546}"
EndProject
Project("{8BC9CEB8-8B4A-11D0-8D11-00A0C91BC942}") = "Bai084", "Bai084\Bai084.vcxproj", "{04B6B1C4-170A-46FC-AC5B-CBF133CE5429}"
EndProject
Project("{8BC9CEB8-8B4A-11D0-8D11-00A0C91BC942}") = "Bai086", "Bai086\Bai086.vcxproj", "{E6F345F5-1A85-41CB-AA8D-DC843AF9C0CF}"
EndProject
Project("{8BC9CEB8-8B4A-11D0-8D11-00A0C91BC942}") = "Bai088", "Bai088\Bai088.vcxproj", "{54FA8145-AAA4-42A0-8737-63417A113B17}"
EndProject
Project("{8BC9CEB8-8B4A-11D0-8D11-00A0C91BC942}") = "Bai090", "Bai090\Bai090.vcxproj", "{30EFDED7-F707-408F-8AD8-CCC5D303129E}"
EndProject
Global
	GlobalSection(SolutionConfigurationPlatforms) = preSolution
		Debug|x64 = Debug|x64
		Debug|x86 = Debug|x86
		Release|x64 = Release|x64
		Release|x86 = Release|x86
	EndGlobalSection
	GlobalSection(ProjectConfigurationPlatforms) = postSolution
		{41C96123-FEF1-4F13-AEE9-4F25DB0DE522}.Debug|x64.ActiveCfg = Debug|x64
		{41C96123-FEF1-4F13-AEE9-4F25DB0DE522}.Debug|x64.Build.0 = Debug|x64
		{41C96123-FEF1-4F13-AEE9-4F25DB0DE522}.Debug|x86.ActiveCfg = Debug|Win32
		{41C96123-FEF1-4F13-AEE9-4F25DB0DE522}.Debug|x86.Build.0 = Debug|Win32
		{41C96123-FEF1-4F13-AEE9-4F25DB0DE522}.Release|x64.ActiveCfg = Release|x64
		{41C96123-FEF1-4F13-AEE9-4F25DB0DE522}.Release|x64.Build.0 = Release|x64
		{41C96123-FEF1-4F13-AEE9-4F25DB0DE522}.Release|x86.ActiveCfg = Release|Win32
		{41C96123-FEF1-4F13-AEE9-4F25DB0DE522}.Release|x86.Build.0 = Release|Win32
		{8F27FEB6-6405-4EE7-8B4F-3CAA7ED4C603}.Debug|x64.ActiveCfg = Debug|x64
		{8F27FEB6-6405-4EE7-8B4F-3CAA7ED4C603}.Debug|x64.Build.0 = Debug|x64
		{8F27FEB6-6405-4EE7-8B4F-3CAA7ED4C603}.Debug|x86.ActiveCfg = Debug|Win32
		{8F27FEB6-6405-4EE7-8B4F-3CAA7ED4C603}.Debug|x86.Build.0 = Debug|Win32
		{8F27FEB6-6405-4EE7-8B4F-3CAA7ED4C603}.Release|x64.ActiveCfg = Release|x64
		{8F27FEB6-6405-4EE7-8B4F-3CAA7ED4C603}.Release|x64.Build.0 = Release|x64
		{8F27FEB6-6405-4EE7-8B4F-3CAA7ED4C603}.Release|x86.ActiveCfg = Release|Win32
		{8F27FEB6-6405-4EE7-8B4F-3CAA7ED4C603}.Release|x86.Build.0 = Release|Win32
		{3C116FA6-2434-46C2-937E-E812389C18A9}.Debug|x64.ActiveCfg = Debug|x64
		{3C116FA6-2434-46C2-937E-E812389C18A9}.Debug|x64.Build.0 = Debug|x64
		{3C116FA6-2434-46C2-937E-E812389C18A9}.Debug|x86.ActiveCfg = Debug|Win32
		{3C116FA6-2434-46C2-937E-E812389C18A9}.Debug|x86.Build.0 = Debug|Win32
		{3C116FA6-2434-46C2-937E-E812389C18A9}.Release|x64.ActiveCfg = Release|x64
		{3C116FA6-2434-46C2-937E-E812389C18A9}.Release|x64.Build.0 = Release|x64
		{3C116FA6-2434-46C2-937E-E812389C18A9}.Release|x86.ActiveCfg = Release|Win32
		{3C116FA6-2434-46C2-937E-E812389C18A9}.Release|x86.Build.0 = Release|Win32
		{9804BB12-18A7-4216-8D0D-9BBFDB9AFAB8}.Debug|x64.ActiveCfg = Debug|x64
		{9804BB12-18A7-4216-8D0D-9BBFDB9AFAB8}.Debug|x64.Build.0 = Debug|x64
		{9804BB12-18A7-4216-8D0D-9BBFDB9AFAB8}.Debug|x86.ActiveCfg = Debug|Win32
		{9804BB12-18A7-4216-8D0D-9BBFDB9AFAB8}.Debug|x86.Build.0 = Debug|Win32
		{9804BB12-18A7-4216-8D0D-9BBFDB9AFAB8}.Release|x64.ActiveCfg = Release|x64
		{9804BB12-18A7-4216-8D0D-9BBFDB9AFAB8}.Release|x64.Build.0 = Release|x64
		{9804BB12-18A7-4216-8D0D-9BBFDB9AFAB8}.Release|x86.ActiveCfg = Release|Win32
		{9804BB12-18A7-4216-8D0D-9BBFDB9AFAB8}.Release|x86.Build.0 = Release|Win32
		{11F7A0CB-37CA-41D5-88DD-B89F7F4076FD}.Debug|x64.ActiveCfg = Debug|x64
		{11F7A0CB-37CA-41D5-88DD-B89F7F4076FD}.Debug|x64.Build.0 = Debug|x64
		{11F7A0CB-37CA-41D5-88DD-B89F7F4076FD}.Debug|x86.ActiveCfg = Debug|Win32
		{11F7A0CB-37CA-41D5-88DD-B89F7F4076FD}.Debug|x86.Build.0 = Debug|Win32
		{11F7A0CB-37CA-41D5-88DD-B89F7F4076FD}.Release|x64.ActiveCfg = Release|x64
		{11F7A0CB-37CA-41D5-88DD-B89F7F4076FD}.Release|x64.Build.0 = Release|x64
		{11F7A0CB-37CA-41D5-88DD-B89F7F4076FD}.Release|x86.ActiveCfg = Release|Win32
		{11F7A0CB-37CA-41D5-88DD-B89F7F4076FD}.Release|x86.Build.0 = Release|Win32
		{02CB6042-2364-43F3-93BE-C1E398CD6CCD}.Debug|x64.ActiveCfg = Debug|x64
		{02CB6042-2364-43F3-93BE-C1E398CD6CCD}.Debug|x64.Build.0 = Debug|x64
		{02CB6042-2364-43F3-93BE-C1E398CD6CCD}.Debug|x86.ActiveCfg = Debug|Win32
		{02CB6042-2364-43F3-93BE-C1E398CD6CCD}.Debug|x86.Build.0 = Debug|Win32
		{02CB6042-2364-43F3-93BE-C1E398CD6CCD}.Release|x64.ActiveCfg = Release|x64
		{02CB6042-2364-43F3-93BE-C1E398CD6CCD}.Release|x64.Build.0 = Release|x64
		{02CB6042-2364-43F3-93BE-C1E398CD6CCD}.Release|x86.ActiveCfg = Release|Win32
		{02CB6042-2364-43F3-93BE-C1E398CD6CCD}.Release|x86.Build.0 = Release|Win32
		{2054C01D-9B39-4243-A87F-3880760F3F5A}.Debug|x64.ActiveCfg = Debug|x64
		{2054C01D-9B39-4243-A87F-3880760F3F5A}.Debug|x64.Build.0 = Debug|x64
		{2054C01D-9B39-4243-A87F-3880760F3F5A}.Debug|x86.ActiveCfg = Debug|Win32
		{2054C01D-9B39-4243-A87F-3880760F3F5A}.Debug|x86.Build.0 = Debug|Win32
		{2054C01D-9B39-4243-A87F-3880760F3F5A}.Release|x64.ActiveCfg = Release|x64
		{2054C01D-9B39-4243-A87F-3880760F3F5A}.Release|x64.Build.0 = Release|x64
		{2054C01D-9B39-4243-A87F-3880760F3F5A}.Release|x86.ActiveCfg = Release|Win32
		{2054C01D-9B39-4243-A87F-3880760F3F5A}.Release|x86.Build.0 = Release|Win32
		{23EABBC0-16A7-4B1A-9135-68E12D256168}.Debug|x64.ActiveCfg = Debug|x64
		{23EABBC0-16A7-4B1A-9135-68E12D256168}.Debug|x64.Build.0 = Debug|x64
		{23EABBC0-16A7-4B1A-9135-68E12D256168}.Debug|x86.ActiveCfg = Debug|Win32
		{23EABBC0-16A7-4B1A-9135-68E12D256168}.Debug|x86.Build.0 = Debug|Win32
		{23EABBC0-16A7-4B1A-9135-68E12D256168}.Release|x64.ActiveCfg = Release|x64
		{23EABBC0-16A7-4B1A-9135-68E12D256168}.Release|x64.Build.0 = Release|x64
		{23EABBC0-16A7-4B1A-9135-68E12D256168}.Release|x86.ActiveCfg = Release|Win32
		{23EABBC0-16A7-4B1A-9135-68E12D256168}.Release|x86.Build.0 = Release|Win32
		{C5E8CF6A-5D4B-4D69-BA8E-8646570C386C}.Debug|x64.ActiveCfg = Debug|x64
		{C5E8CF6A-5D4B-4D69-BA8E-8646570C386C}.Debug|x64.Build.0 = Debug|x64
		{C5E8CF6A-5D4B-4D69-BA8E-8646570C386C}.Debug|x86.ActiveCfg = Debug|Win32
		{C5E8CF6A-5D4B-4D69-BA8E-8646570C386C}.Debug|x86.Build.0 = Debug|Win32
		{C5E8CF6A-5D4B-4D69-BA8E-8646570C386C}.Release|x64.ActiveCfg = Release|x64
		{C5E8CF6A-5D4B-4D69-BA8E-8646570C386C}.Release|x64.Build.0 = Release|x64
		{C5E8CF6A-5D4B-4D69-BA8E-8646570C386C}.Release|x86.ActiveCfg = Release|Win32
		{C5E8CF6A-5D4B-4D69-BA8E-8646570C386C}.Release|x86.Build.0 = Release|Win32
		{C8D04BCA-BF40-4444-9930-FEDE9E3FD547}.Debug|x64.ActiveCfg = Debug|x64
		{C8D04BCA-BF40-4444-9930-FEDE9E3FD547}.Debug|x64.Build.0 = Debug|x64
		{C8D04BCA-BF40-4444-9930-FEDE9E3FD547}.Debug|x86.ActiveCfg = Debug|Win32
		{C8D04BCA-BF40-4444-9930-FEDE9E3FD547}.Debug|x86.Build.0 = Debug|Win32
		{C8D04BCA-BF40-4444-9930-FEDE9E3FD547}.Release|x64.ActiveCfg = Release|x64
		{C8D04BCA-BF40-4444-9930-FEDE9E3FD547}.Release|x64.Build.0 = Release|x64
		{C8D04BCA-BF40-4444-9930-FEDE9E3FD547}.Release|x86.ActiveCfg = Release|Win32
		{C8D04BCA-BF40-4444-9930-FEDE9E3FD547}.Release|x86.Build.0 = Release|Win32
		{B9FC09DB-D9EA-49F7-A923-DC08536FBC0D}.Debug|x64.ActiveCfg = Debug|x64
		{B9FC09DB-D9EA-49F7-A923-DC08536FBC0D}.Debug|x64.Build.0 = Debug|x64
		{B9FC09DB-D9EA-49F7-A923-DC08536FBC0D}.Debug|x86.ActiveCfg = Debug|Win32
		{B9FC09DB-D9EA-49F7-A923-DC08536FBC0D}.Debug|x86.Build.0 = Debug|Win32
		{B9FC09DB-D9EA-49F7-A923-DC08536FBC0D}.Release|x64.ActiveCfg = Release|x64
		{B9FC09DB-D9EA-49F7-A923-DC08536FBC0D}.Release|x64.Build.0 = Release|x64
		{B9FC09DB-D9EA-49F7-A923-DC08536FBC0D}.Release|x86.ActiveCfg = Release|Win32
		{B9FC09DB-D9EA-49F7-A923-DC08536FBC0D}.Release|x86.Build.0 = Release|Win32
		{DE962FE2-9C5A-4AE8-A3AD-707915CE5F00}.Debug|x64.ActiveCfg = Debug|x64
		{DE962FE2-9C5A-4AE8-A3AD-707915CE5F00}.Debug|x64.Build.0 = Debug|x64
		{DE962FE2-9C5A-4AE8-A3AD-707915CE5F00}.Debug|x86.ActiveCfg = Debug|Win32
		{DE962FE2-9C5A-4AE8-A3AD-707915CE5F00}.Debug|x86.Build.0 = Debug|Win32
		{DE962FE2-9C5A-4AE8-A3AD-707915CE5F00}.Release|x64.ActiveCfg = Release|x64
		{DE962FE2-9C5A-4AE8-A3AD-707915CE5F00}.Release|x64.Build.0 = Release|x64
		{DE962FE2-9C5A-4AE8-A3AD-707915CE5F00}.Release|x86.ActiveCfg = Release|Win32
		{DE962FE2-9C5A-4AE8-A3AD-707915CE5F00}.Release|x86.Build.0 = Release|Win32
		{7408209F-A202-435F-8BB0-340B225B8D3F}.Debug|x64.ActiveCfg = Debug|x64
		{7408209F-A202-435F-8BB0-340B225B8D3F}.Debug|x64.Build.0 = Debug|x64
		{7408209F-A202-435F-8BB0-340B225B8D3F}.Debug|x86.ActiveCfg = Debug|Win32
		{7408209F-A202-435F-8BB0-340B225B8D3F}.Debug|x86.Build.0 = Debug|Win32
		{7408209F-A202-435F-8BB0-340B225B8D3F}.Release|x64.ActiveCfg = Release|x64
		{7408209F-A202-435F-8BB0-340B225B8D3F}.Release|x64.Build.0 = Release|x64
		{7408209F-A202-435F-8BB0-340B225B8D3F}.Release|x86.ActiveCfg = Release|Win32
		{7408209F-A202-435F-8BB0-340B225B8D3F}.Release|x86.Build.0 = Release|Win32
		{2A1DCA68-76BD-47FD-9A9F-0C0A20353D10}.Debug|x64.ActiveCfg = Debug|x64
		{2A1DCA68-76BD-47FD-9A9F-0C0A20353D10}.Debug|x64.Build.0 = Debug|x64
		{2A1DCA68-76BD-47FD-9A9F-0C0A20353D10}.Debug|x86.ActiveCfg = Debug|Win32
		{2A1DCA68-76BD-47FD-9A9F-0C0A20353D10}.Debug|x86.Build.0 = Debug|Win32
		{2A1DCA68-76BD-47FD-9A9F-0C0A20353D10}.Release|x64.ActiveCfg = Release|x64
		{2A1DCA68-76BD-47FD-9A9F-0C0A20353D10}.Release|x64.Build.0 = Release|x64
		{2A1DCA68-76BD-47FD-9A9F-0C0A20353D10}.Release|x86.ActiveCfg = Release|Win32
		{2A1DCA68-76BD-47FD-9A9F-0C0A20353D10}.Release|x86.Build.0 = Release|Win32
		{501F99C0-66D4-47E9-B30B-F17741D29AFB}.Debug|x64.ActiveCfg = Debug|x64
		{501F99C0-66D4-47E9-B30B-F17741D29AFB}.Debug|x64.Build.0 = Debug|x64
		{501F99C0-66D4-47E9-B30B-F17741D29AFB}.Debug|x86.ActiveCfg = Debug|Win32
		{501F99C0-66D4-47E9-B30B-F17741D29AFB}.Debug|x86.Build.0 = Debug|Win32
		{501F99C0-66D4-47E9-B30B-F17741D29AFB}.Release|x64.ActiveCfg = Release|x64
		{501F99C0-66D4-47E9-B30B-F17741D29AFB}.Release|x64.Build.0 = Release|x64
		{501F99C0-66D4-47E9-B30B-F17741D29AFB}.Release|x86.ActiveCfg = Release|Win32
		{501F99C0-66D4-47E9-B30B-F17741D29AFB}.Release|x86.Build.0 = Release|Win32
		{EB076BA8-96DC-40B6-BC45-91C22147FF4F}.Debug|x64.ActiveCfg = Debug|x64
		{EB076BA8-96DC-40B6-BC45-91C22147FF4F}.Debug|x64.Build.0 = Debug|x64
		{EB076BA8-96DC-40B6-BC45-91C22147FF4F}.Debug|x86.ActiveCfg = Debug|Win32
		{EB076BA8-96DC-40B6-BC45-91C22147FF4F}.Debug|x86.Build.0 = Debug|Win32
		{EB076BA8-96DC-40B6-BC45-91C22147FF4F}.Release|x64.ActiveCfg = Release|x64
		{EB076BA8-96DC-40B6-BC45-91C22147FF4F}.Release|x64.Build.0 = Release|x64
		{EB076BA8-96DC-40B6-BC45-91C22147FF4F}.Release|x86.ActiveCfg = Release|Win32
		{EB076BA8-96DC-40B6-BC45-91C22147FF4F}.Release|x86.Build.0 = Release|Win32
		{9AD0E1F6-521A-4D17-9E83-B94866C328D2}.Debug|x64.ActiveCfg = Debug|x64
		{9AD0E1F6-521A-4D17-9E83-B94866C328D2}.Debug|x64.Build.0 = Debug|x64
		{9AD0E1F6-521A-4D17-9E83-B94866C328D2}.Debug|x86.ActiveCfg = Debug|Win32
		{9AD0E1F6-521A-4D17-9E83-B94866C328D2}.Debug|x86.Build.0 = Debug|Win32
		{9AD0E1F6-521A-4D17-9E83-B94866C328D2}.Release|x64.ActiveCfg = Release|x64
		{9AD0E1F6-521A-4D17-9E83-B94866C328D2}.Release|x64.Build.0 = Release|x64
		{9AD0E1F6-521A-4D17-9E83-B94866C328D2}.Release|x86.ActiveCfg = Release|Win32
		{9AD0E1F6-521A-4D17-9E83-B94866C328D2}.Release|x86.Build.0 = Release|Win32
		{2B0D977A-C912-4B52-A476-D3343A787E10}.Debug|x64.ActiveCfg = Debug|x64
		{2B0D977A-C912-4B52-A476-D3343A787E10}.Debug|x64.Build.0 = Debug|x64
		{2B0D977A-C912-4B52-A476-D3343A787E10}.Debug|x86.ActiveCfg = Debug|Win32
		{2B0D977A-C912-4B52-A476-D3343A787E10}.Debug|x86.Build.0 = Debug|Win32
		{2B0D977A-C912-4B52-A476-D3343A787E10}.Release|x64.ActiveCfg = Release|x64
		{2B0D977A-C912-4B52-A476-D3343A787E10}.Release|x64.Build.0 = Release|x64
		{2B0D977A-C912-4B52-A476-D3343A787E10}.Release|x86.ActiveCfg = Release|Win32
		{2B0D977A-C912-4B52-A476-D3343A787E10}.Release|x86.Build.0 = Release|Win32
		{C0F7E783-32D8-4A27-B7E0-94C573EBA2FB}.Debug|x64.ActiveCfg = Debug|x64
		{C0F7E783-32D8-4A27-B7E0-94C573EBA2FB}.Debug|x64.Build.0 = Debug|x64
		{C0F7E783-32D8-4A27-B7E0-94C573EBA2FB}.Debug|x86.ActiveCfg = Debug|Win32
		{C0F7E783-32D8-4A27-B7E0-94C573EBA2FB}.Debug|x86.Build.0 = Debug|Win32
		{C0F7E783-32D8-4A27-B7E0-94C573EBA2FB}.Release|x64.ActiveCfg = Release|x64
		{C0F7E783-32D8-4A27-B7E0-94C573EBA2FB}.Release|x64.Build.0 = Release|x64
		{C0F7E783-32D8-4A27-B7E0-94C573EBA2FB}.Release|x86.ActiveCfg = Release|Win32
		{C0F7E783-32D8-4A27-B7E0-94C573EBA2FB}.Release|x86.Build.0 = Release|Win32
		{6A984F30-704F-4A36-859B-61278635909F}.Debug|x64.ActiveCfg = Debug|x64
		{6A984F30-704F-4A36-859B-61278635909F}.Debug|x64.Build.0 = Debug|x64
		{6A984F30-704F-4A36-859B-61278635909F}.Debug|x86.ActiveCfg = Debug|Win32
		{6A984F30-704F-4A36-859B-61278635909F}.Debug|x86.Build.0 = Debug|Win32
		{6A984F30-704F-4A36-859B-61278635909F}.Release|x64.ActiveCfg = Release|x64
		{6A984F30-704F-4A36-859B-61278635909F}.Release|x64.Build.0 = Release|x64
		{6A984F30-704F-4A36-859B-61278635909F}.Release|x86.ActiveCfg = Release|Win32
		{6A984F30-704F-4A36-859B-61278635909F}.Release|x86.Build.0 = Release|Win32
		{07686CE9-A7D8-4CD7-A9B8-CDB182C9012C}.Debug|x64.ActiveCfg = Debug|x64
		{07686CE9-A7D8-4CD7-A9B8-CDB182C9012C}.Debug|x64.Build.0 = Debug|x64
		{07686CE9-A7D8-4CD7-A9B8-CDB182C9012C}.Debug|x86.ActiveCfg = Debug|Win32
		{07686CE9-A7D8-4CD7-A9B8-CDB182C9012C}.Debug|x86.Build.0 = Debug|Win32
		{07686CE9-A7D8-4CD7-A9B8-CDB182C9012C}.Release|x64.ActiveCfg = Release|x64
		{07686CE9-A7D8-4CD7-A9B8-CDB182C9012C}.Release|x64.Build.0 = Release|x64
		{07686CE9-A7D8-4CD7-A9B8-CDB182C9012C}.Release|x86.ActiveCfg = Release|Win32
		{07686CE9-A7D8-4CD7-A9B8-CDB182C9012C}.Release|x86.Build.0 = Release|Win32
		{118C0625-5EEE-4AFB-A2E9-A235F3AA8286}.Debug|x64.ActiveCfg = Debug|x64
		{118C0625-5EEE-4AFB-A2E9-A235F3AA8286}.Debug|x64.Build.0 = Debug|x64
		{118C0625-5EEE-4AFB-A2E9-A235F3AA8286}.Debug|x86.ActiveCfg = Debug|Win32
		{118C0625-5EEE-4AFB-A2E9-A235F3AA8286}.Debug|x86.Build.0 = Debug|Win32
		{118C0625-5EEE-4AFB-A2E9-A235F3AA8286}.Release|x64.ActiveCfg = Release|x64
		{118C0625-5EEE-4AFB-A2E9-A235F3AA8286}.Release|x64.Build.0 = Release|x64
		{118C0625-5EEE-4AFB-A2E9-A235F3AA8286}.Release|x86.ActiveCfg = Release|Win32
		{118C0625-5EEE-4AFB-A2E9-A235F3AA8286}.Release|x86.Build.0 = Release|Win32
		{E8F772DB-E355-4CC2-8B3C-EFFC979D98D3}.Debug|x64.ActiveCfg = Debug|x64
		{E8F772DB-E355-4CC2-8B3C-EFFC979D98D3}.Debug|x64.Build.0 = Debug|x64
		{E8F772DB-E355-4CC2-8B3C-EFFC979D98D3}.Debug|x86.ActiveCfg = Debug|Win32
		{E8F772DB-E355-4CC2-8B3C-EFFC979D98D3}.Debug|x86.Build.0 = Debug|Win32
		{E8F772DB-E355-4CC2-8B3C-EFFC979D98D3}.Release|x64.ActiveCfg = Release|x64
		{E8F772DB-E355-4CC2-8B3C-EFFC979D98D3}.Release|x64.Build.0 = Release|x64
		{E8F772DB-E355-4CC2-8B3C-EFFC979D98D3}.Release|x86.ActiveCfg = Release|Win32
		{E8F772DB-E355-4CC2-8B3C-EFFC979D98D3}.Release|x86.Build.0 = Release|Win32
		{21716173-B342-4837-B1B8-BBE07232309D}.Debug|x64.ActiveCfg = Debug|x64
		{21716173-B342-4837-B1B8-BBE07232309D}.Debug|x64.Build.0 = Debug|x64
		{21716173-B342-4837-B1B8-BBE07232309D}.Debug|x86.ActiveCfg = Debug|Win32
		{21716173-B342-4837-B1B8-BBE07232309D}.Debug|x86.Build.0 = Debug|Win32
		{21716173-B342-4837-B1B8-BBE07232309D}.Release|x64.ActiveCfg = Release|x64
		{21716173-B342-4837-B1B8-BBE07232309D}.Release|x64.Build.0 = Release|x64
		{21716173-B342-4837-B1B8-BBE07232309D}.Release|x86.ActiveCfg = Release|Win32
		{21716173-B342-4837-B1B8-BBE07232309D}.Release|x86.Build.0 = Release|Win32
		{50BF2233-0E28-4F92-AFA1-034E0BCE9D12}.Debug|x64.ActiveCfg = Debug|x64
		{50BF2233-0E28-4F92-AFA1-034E0BCE9D12}.Debug|x64.Build.0 = Debug|x64
		{50BF2233-0E28-4F92-AFA1-034E0BCE9D12}.Debug|x86.ActiveCfg = Debug|Win32
		{50BF2233-0E28-4F92-AFA1-034E0BCE9D12}.Debug|x86.Build.0 = Debug|Win32
		{50BF2233-0E28-4F92-AFA1-034E0BCE9D12}.Release|x64.ActiveCfg = Release|x64
		{50BF2233-0E28-4F92-AFA1-034E0BCE9D12}.Release|x64.Build.0 = Release|x64
		{50BF2233-0E28-4F92-AFA1-034E0BCE9D12}.Release|x86.ActiveCfg = Release|Win32
		{50BF2233-0E28-4F92-AFA1-034E0BCE9D12}.Release|x86.Build.0 = Release|Win32
		{5D06CBC2-EF68-4FF3-8BFB-4B0EB9E94804}.Debug|x64.ActiveCfg = Debug|x64
		{5D06CBC2-EF68-4FF3-8BFB-4B0EB9E94804}.Debug|x64.Build.0 = Debug|x64
		{5D06CBC2-EF68-4FF3-8BFB-4B0EB9E94804}.Debug|x86.ActiveCfg = Debug|Win32
		{5D06CBC2-EF68-4FF3-8BFB-4B0EB9E94804}.Debug|x86.Build.0 = Debug|Win32
		{5D06CBC2-EF68-4FF3-8BFB-4B0EB9E94804}.Release|x64.ActiveCfg = Release|x64
		{5D06CBC2-EF68-4FF3-8BFB-4B0EB9E94804}.Release|x64.Build.0 = Release|x64
		{5D06CBC2-EF68-4FF3-8BFB-4B0EB9E94804}.Release|x86.ActiveCfg = Release|Win32
		{5D06CBC2-EF68-4FF3-8BFB-4B0EB9E94804}.Release|x86.Build.0 = Release|Win32
		{5042AE9B-D1B5-4756-B966-A1F58F2E01E8}.Debug|x64.ActiveCfg = Debug|x64
		{5042AE9B-D1B5-4756-B966-A1F58F2E01E8}.Debug|x64.Build.0 = Debug|x64
		{5042AE9B-D1B5-4756-B966-A1F58F2E01E8}.Debug|x86.ActiveCfg = Debug|Win32
		{5042AE9B-D1B5-4756-B966-A1F58F2E01E8}.Debug|x86.Build.0 = Debug|Win32
		{5042AE9B-D1B5-4756-B966-A1F58F2E01E8}.Release|x64.ActiveCfg = Release|x64
		{5042AE9B-D1B5-4756-B966-A1F58F2E01E8}.Release|x64.Build.0 = Release|x64
		{5042AE9B-D1B5-4756-B966-A1F58F2E01E8}.Release|x86.ActiveCfg = Release|Win32
		{5042AE9B-D1B5-4756-B966-A1F58F2E01E8}.Release|x86.Build.0 = Release|Win32
		{0052A307-04BC-4A82-8208-785F530D2CF8}.Debug|x64.ActiveCfg = Debug|x64
		{0052A307-04BC-4A82-8208-785F530D2CF8}.Debug|x64.Build.0 = Debug|x64
		{0052A307-04BC-4A82-8208-785F530D2CF8}.Debug|x86.ActiveCfg = Debug|Win32
		{0052A307-04BC-4A82-8208-785F530D2CF8}.Debug|x86.Build.0 = Debug|Win32
		{0052A307-04BC-4A82-8208-785F530D2CF8}.Release|x64.ActiveCfg = Release|x64
		{0052A307-04BC-4A82-8208-785F530D2CF8}.Release|x64.Build.0 = Release|x64
		{0052A307-04BC-4A82-8208-785F530D2CF8}.Release|x86.ActiveCfg = Release|Win32
		{0052A307-04BC-4A82-8208-785F530D2CF8}.Release|x86.Build.0 = Release|Win32
		{DF5851B3-F730-4EC7-A51D-972B6AF0C65E}.Debug|x64.ActiveCfg = Debug|x64
		{DF5851B3-F730-4EC7-A51D-972B6AF0C65E}.Debug|x64.Build.0 = Debug|x64
		{DF5851B3-F730-4EC7-A51D-972B6AF0C65E}.Debug|x86.ActiveCfg = Debug|Win32
		{DF5851B3-F730-4EC7-A51D-972B6AF0C65E}.Debug|x86.Build.0 = Debug|Win32
		{DF5851B3-F730-4EC7-A51D-972B6AF0C65E}.Release|x64.ActiveCfg = Release|x64
		{DF5851B3-F730-4EC7-A51D-972B6AF0C65E}.Release|x64.Build.0 = Release|x64
		{DF5851B3-F730-4EC7-A51D-972B6AF0C65E}.Release|x86.ActiveCfg = Release|Win32
		{DF5851B3-F730-4EC7-A51D-972B6AF0C65E}.Release|x86.Build.0 = Release|Win32
		{D1EDA11A-ABF9-4DF8-9BA1-1F3F5AE93755}.Debug|x64.ActiveCfg = Debug|x64
		{D1EDA11A-ABF9-4DF8-9BA1-1F3F5AE93755}.Debug|x64.Build.0 = Debug|x64
		{D1EDA11A-ABF9-4DF8-9BA1-1F3F5AE93755}.Debug|x86.ActiveCfg = Debug|Win32
		{D1EDA11A-ABF9-4DF8-9BA1-1F3F5AE93755}.Debug|x86.Build.0 = Debug|Win32
		{D1EDA11A-ABF9-4DF8-9BA1-1F3F5AE93755}.Release|x64.ActiveCfg = Release|x64
		{D1EDA11A-ABF9-4DF8-9BA1-1F3F5AE93755}.Release|x64.Build.0 = Release|x64
		{D1EDA11A-ABF9-4DF8-9BA1-1F3F5AE93755}.Release|x86.ActiveCfg = Release|Win32
		{D1EDA11A-ABF9-4DF8-9BA1-1F3F5AE93755}.Release|x86.Build.0 = Release|Win32
		{E0649469-799D-4C2E-8C19-1507351C7ADE}.Debug|x64.ActiveCfg = Debug|x64
		{E0649469-799D-4C2E-8C19-1507351C7ADE}.Debug|x64.Build.0 = Debug|x64
		{E0649469-799D-4C2E-8C19-1507351C7ADE}.Debug|x86.ActiveCfg = Debug|Win32
		{E0649469-799D-4C2E-8C19-1507351C7ADE}.Debug|x86.Build.0 = Debug|Win32
		{E0649469-799D-4C2E-8C19-1507351C7ADE}.Release|x64.ActiveCfg = Release|x64
		{E0649469-799D-4C2E-8C19-1507351C7ADE}.Release|x64.Build.0 = Release|x64
		{E0649469-799D-4C2E-8C19-1507351C7ADE}.Release|x86.ActiveCfg = Release|Win32
		{E0649469-799D-4C2E-8C19-1507351C7ADE}.Release|x86.Build.0 = Release|Win32
		{9C5AB675-2659-4A66-9F74-AF18DB90F0C3}.Debug|x64.ActiveCfg = Debug|x64
		{9C5AB675-2659-4A66-9F74-AF18DB90F0C3}.Debug|x64.Build.0 = Debug|x64
		{9C5AB675-2659-4A66-9F74-AF18DB90F0C3}.Debug|x86.ActiveCfg = Debug|Win32
		{9C5AB675-2659-4A66-9F74-AF18DB90F0C3}.Debug|x86.Build.0 = Debug|Win32
		{9C5AB675-2659-4A66-9F74-AF18DB90F0C3}.Release|x64.ActiveCfg = Release|x64
		{9C5AB675-2659-4A66-9F74-AF18DB90F0C3}.Release|x64.Build.0 = Release|x64
		{9C5AB675-2659-4A66-9F74-AF18DB90F0C3}.Release|x86.ActiveCfg = Release|Win32
		{9C5AB675-2659-4A66-9F74-AF18DB90F0C3}.Release|x86.Build.0 = Release|Win32
		{3DD1FE78-2754-4DB4-99D0-DDD036D88260}.Debug|x64.ActiveCfg = Debug|x64
		{3DD1FE78-2754-4DB4-99D0-DDD036D88260}.Debug|x64.Build.0 = Debug|x64
		{3DD1FE78-2754-4DB4-99D0-DDD036D88260}.Debug|x86.ActiveCfg = Debug|Win32
		{3DD1FE78-2754-4DB4-99D0-DDD036D88260}.Debug|x86.Build.0 = Debug|Win32
		{3DD1FE78-2754-4DB4-99D0-DDD036D88260}.Release|x64.ActiveCfg = Release|x64
		{3DD1FE78-2754-4DB4-99D0-DDD036D88260}.Release|x64.Build.0 = Release|x64
		{3DD1FE78-2754-4DB4-99D0-DDD036D88260}.Release|x86.ActiveCfg = Release|Win32
		{3DD1FE78-2754-4DB4-99D0-DDD036D88260}.Release|x86.Build.0 = Release|Win32
		{DC1F3475-06FB-4134-AA6C-1266CE463AF3}.Debug|x64.ActiveCfg = Debug|x64
		{DC1F3475-06FB-4134-AA6C-1266CE463AF3}.Debug|x64.Build.0 = Debug|x64
		{DC1F3475-06FB-4134-AA6C-1266CE463AF3}.Debug|x86.ActiveCfg = Debug|Win32
		{DC1F3475-06FB-4134-AA6C-1266CE463AF3}.Debug|x86.Build.0 = Debug|Win32
		{DC1F3475-06FB-4134-AA6C-1266CE463AF3}.Release|x64.ActiveCfg = Release|x64
		{DC1F3475-06FB-4134-AA6C-1266CE463AF3}.Release|x64.Build.0 = Release|x64
		{DC1F3475-06FB-4134-AA6C-1266CE463AF3}.Release|x86.ActiveCfg = Release|Win32
		{DC1F3475-06FB-4134-AA6C-1266CE463AF3}.Release|x86.Build.0 = Release|Win32
		{CCE0F4A8-61E2-4C36-9CB4-04708718CE59}.Debug|x64.ActiveCfg = Debug|x64
		{CCE0F4A8-61E2-4C36-9CB4-04708718CE59}.Debug|x64.Build.0 = Debug|x64
		{CCE0F4A8-61E2-4C36-9CB4-04708718CE59}.Debug|x86.ActiveCfg = Debug|Win32
		{CCE0F4A8-61E2-4C36-9CB4-04708718CE59}.Debug|x86.Build.0 = Debug|Win32
		{CCE0F4A8-61E2-4C36-9CB4-04708718CE59}.Release|x64.ActiveCfg = Release|x64
		{CCE0F4A8-61E2-4C36-9CB4-04708718CE59}.Release|x64.Build.0 = Release|x64
		{CCE0F4A8-61E2-4C36-9CB4-04708718CE59}.Release|x86.ActiveCfg = Release|Win32
		{CCE0F4A8-61E2-4C36-9CB4-04708718CE59}.Release|x86.Build.0 = Release|Win32
		{791BA054-5444-467C-8BA8-3F484513CE39}.Debug|x64.ActiveCfg = Debug|x64
		{791BA054-5444-467C-8BA8-3F484513CE39}.Debug|x64.Build.0 = Debug|x64
		{791BA054-5444-467C-8BA8-3F484513CE39}.Debug|x86.ActiveCfg = Debug|Win32
		{791BA054-5444-467C-8BA8-3F484513CE39}.Debug|x86.Build.0 = Debug|Win32
		{791BA054-5444-467C-8BA8-3F484513CE39}.Release|x64.ActiveCfg = Release|x64
		{791BA054-5444-467C-8BA8-3F484513CE39}.Release|x64.Build.0 = Release|x64
		{791BA054-5444-467C-8BA8-3F484513CE39}.Release|x86.ActiveCfg = Release|Win32
		{791BA054-5444-467C-8BA8-3F484513CE39}.Release|x86.Build.0 = Release|Win32
		{677C346C-8AE2-4E72-9CAE-DD0998667491}.Debug|x64.ActiveCfg = Debug|x64
		{677C346C-8AE2-4E72-9CAE-DD0998667491}.Debug|x64.Build.0 = Debug|x64
		{677C346C-8AE2-4E72-9CAE-DD0998667491}.Debug|x86.ActiveCfg = Debug|Win32
		{677C346C-8AE2-4E72-9CAE-DD0998667491}.Debug|x86.Build.0 = Debug|Win32
		{677C346C-8AE2-4E72-9CAE-DD0998667491}.Release|x64.ActiveCfg = Release|x64
		{677C346C-8AE2-4E72-9CAE-DD0998667491}.Release|x64.Build.0 = Release|x64
		{677C346C-8AE2-4E72-9CAE-DD0998667491}.Release|x86.ActiveCfg = Release|Win32
		{677C346C-8AE2-4E72-9CAE-DD0998667491}.Release|x86.Build.0 = Release|Win32
		{438FAED2-3227-4C79-8B14-61E9FD22DFE3}.Debug|x64.ActiveCfg = Debug|x64
		{438FAED2-3227-4C79-8B14-61E9FD22DFE3}.Debug|x64.Build.0 = Debug|x64
		{438FAED2-3227-4C79-8B14-61E9FD22DFE3}.Debug|x86.ActiveCfg = Debug|Win32
		{438FAED2-3227-4C79-8B14-61E9FD22DFE3}.Debug|x86.Build.0 = Debug|Win32
		{438FAED2-3227-4C79-8B14-61E9FD22DFE3}.Release|x64.ActiveCfg = Release|x64
		{438FAED2-3227-4C79-8B14-61E9FD22DFE3}.Release|x64.Build.0 = Release|x64
		{438FAED2-3227-4C79-8B14-61E9FD22DFE3}.Release|x86.ActiveCfg = Release|Win32
		{438FAED2-3227-4C79-8B14-61E9FD22DFE3}.Release|x86.Build.0 = Release|Win32
		{65391109-8FBC-4221-A85E-81243C49513B}.Debug|x64.ActiveCfg = Debug|x64
		{65391109-8FBC-4221-A85E-81243C49513B}.Debug|x64.Build.0 = Debug|x64
		{65391109-8FBC-4221-A85E-81243C49513B}.Debug|x86.ActiveCfg = Debug|Win32
		{65391109-8FBC-4221-A85E-81243C49513B}.Debug|x86.Build.0 = Debug|Win32
		{65391109-8FBC-4221-A85E-81243C49513B}.Release|x64.ActiveCfg = Release|x64
		{65391109-8FBC-4221-A85E-81243C49513B}.Release|x64.Build.0 = Release|x64
		{65391109-8FBC-4221-A85E-81243C49513B}.Release|x86.ActiveCfg = Release|Win32
		{65391109-8FBC-4221-A85E-81243C49513B}.Release|x86.Build.0 = Release|Win32
		{852D8A44-7535-45AF-8ED1-13A095BB8F30}.Debug|x64.ActiveCfg = Debug|x64
		{852D8A44-7535-45AF-8ED1-13A095BB8F30}.Debug|x64.Build.0 = Debug|x64
		{852D8A44-7535-45AF-8ED1-13A095BB8F30}.Debug|x86.ActiveCfg = Debug|Win32
		{852D8A44-7535-45AF-8ED1-13A095BB8F30}.Debug|x86.Build.0 = Debug|Win32
		{852D8A44-7535-45AF-8ED1-13A095BB8F30}.Release|x64.ActiveCfg = Release|x64
		{852D8A44-7535-45AF-8ED1-13A095BB8F30}.Release|x64.Build.0 = Release|x64
		{852D8A44-7535-45AF-8ED1-13A095BB8F30}.Release|x86.ActiveCfg = Release|Win32
		{852D8A44-7535-45AF-8ED1-13A095BB8F30}.Release|x86.Build.0 = Release|Win32
		{9849C88C-D602-4D9F-AF35-63029D2B4546}.Debug|x64.ActiveCfg = Debug|x64
		{9849C88C-D602-4D9F-AF35-63029D2B4546}.Debug|x64.Build.0 = Debug|x64
		{9849C88C-D602-4D9F-AF35-63029D2B4546}.Debug|x86.ActiveCfg = Debug|Win32
		{9849C88C-D602-4D9F-AF35-63029D2B4546}.Debug|x86.Build.0 = Debug|Win32
		{9849C88C-D602-4D9F-AF35-63029D2B4546}.Release|x64.ActiveCfg = Release|x64
		{9849C88C-D602-4D9F-AF35-63029D2B4546}.Release|x64.Build.0 = Release|x64
		{9849C88C-D602-4D9F-AF35-63029D2B4546}.Release|x86.ActiveCfg = Release|Win32
		{9849C88C-D602-4D9F-AF35-63029D2B4546}.Release|x86.Build.0 = Release|Win32
		{04B6B1C4-170A-46FC-AC5B-CBF133CE5429}.Debug|x64.ActiveCfg = Debug|x64
		{04B6B1C4-170A-46FC-AC5B-CBF133CE5429}.Debug|x64.Build.0 = Debug|x64
		{04B6B1C4-170A-46FC-AC5B-CBF133CE5429}.Debug|x86.ActiveCfg = Debug|Win32
		{04B6B1C4-170A-46FC-AC5B-CBF133CE5429}.Debug|x86.Build.0 = Debug|Win32
		{04B6B1C4-170A-46FC-AC5B-CBF133CE5429}.Release|x64.ActiveCfg = Release|x64
		{04B6B1C4-170A-46FC-AC5B-CBF133CE5429}.Release|x64.Build.0 = Release|x64
		{04B6B1C4-170A-46FC-AC5B-CBF133CE5429}.Release|x86.ActiveCfg = Release|Win32
		{04B6B1C4-170A-46FC-AC5B-CBF133CE5429}.Release|x86.Build.0 = Release|Win32
		{E6F345F5-1A85-41CB-AA8D-DC843AF9C0CF}.Debug|x64.ActiveCfg = Debug|x64
		{E6F345F5-1A85-41CB-AA8D-DC843AF9C0CF}.Debug|x64.Build.0 = Debug|x64
		{E6F345F5-1A85-41CB-AA8D-DC843AF9C0CF}.Debug|x86.ActiveCfg = Debug|Win32
		{E6F345F5-1A85-41CB-AA8D-DC843AF9C0CF}.Debug|x86.Build.0 = Debug|Win32
		{E6F345F5-1A85-41CB-AA8D-DC843AF9C0CF}.Release|x64.ActiveCfg = Release|x64
		{E6F345F5-1A85-41CB-AA8D-DC843AF9C0CF}.Release|x64.Build.0 = Release|x64
		{E6F345F5-1A85-41CB-AA8D-DC843AF9C0CF}.Release|x86.ActiveCfg = Release|Win32
		{E6F345F5-1A85-41CB-AA8D-DC843AF9C0CF}.Release|x86.Build.0 = Release|Win32
		{54FA8145-AAA4-42A0-8737-63417A113B17}.Debug|x64.ActiveCfg = Debug|x64
		{54FA8145-AAA4-42A0-8737-63417A113B17}.Debug|x64.Build.0 = Debug|x64
		{54FA8145-AAA4-42A0-8737-63417A113B17}.Debug|x86.ActiveCfg = Debug|Win32
		{54FA8145-AAA4-42A0-8737-63417A113B17}.Debug|x86.Build.0 = Debug|Win32
		{54FA8145-AAA4-42A0-8737-63417A113B17}.Release|x64.ActiveCfg = Release|x64
		{54FA8145-AAA4-42A0-8737-63417A113B17}.Release|x64.Build.0 = Release|x64
		{54FA8145-AAA4-42A0-8737-63417A113B17}.Release|x86.ActiveCfg = Release|Win32
		{54FA8145-AAA4-42A0-8737-63417A113B17}.Release|x86.Build.0 = Release|Win32
		{30EFDED7-F707-408F-8AD8-CCC5D303129E}.Debug|x64.ActiveCfg = Debug|x64
		{30EFDED7-F707-408F-8AD8-CCC5D303129E}.Debug|x64.Build.0 = Debug|x64
		{30EFDED7-F707-408F-8AD8-CCC5D303129E}.Debug|x86.ActiveCfg = Debug|Win32
		{30EFDED7-F707-408F-8AD8-CCC5D303129E}.Debug|x86.Build.0 = Debug|Win32
		{30EFDED7-F707-408F-8AD8-CCC5D303129E}.Release|x64.ActiveCfg = Release|x64
		{30EFDED7-F707-408F-8AD8-CCC5D303129E}.Release|x64.Build.0 = Release|x64
		{30EFDED7-F707-408F-8AD8-CCC5D303129E}.Release|x86.ActiveCfg = Release|Win32
		{30EFDED7-F707-408F-8AD8-CCC5D303129E}.Release|x86.Build.0 = Release|Win32
	EndGlobalSection
	GlobalSection(SolutionProperties) = preSolution
		HideSolutionNode = FALSE
	EndGlobalSection
	GlobalSection(ExtensibilityGlobals) = postSolution
		SolutionGuid = {4726CA67-5864-42AD-AD1E-614E5EFEB18A}
	EndGlobalSection
EndGlobal
