
Microsoft Visual Studio Solution File, Format Version 12.00
# Visual Studio Version 17
VisualStudioVersion = 17.7.34031.279
MinimumVisualStudioVersion = 10.0.40219.1
Project("{8BC9CEB8-8B4A-11D0-8D11-00A0C91BC942}") = "Bai004", "Bai004\Bai004.vcxproj", "{41C96123-FEF1-4F13-AEE9-4F25DB0DE522}"
EndProject
Project("{8BC9CEB8-8B4A-11D0-8D11-00A0C91BC942}") = "Bai002", "Bai002\Bai002.vcxproj", "{8F27FEB6-6405-4EE7-8B4F-3CAA7ED4C603}"
EndProject
Project("{8BC9CEB8-8B4A-11D0-8D11-00A0C91BC942}") = "Bai006", "Bai006\Bai006.vcxproj", "{3C116FA6-2434-46C2-937E-E812389C18A9}"
EndProject
Project("{8BC9CEB8-8B4A-11D0-8D11-00A0C91BC942}") = "Bai008", "Bai008\Bai008.vcxproj", "{9804BB12-18A7-4216-8D0D-9BBFDB9AFAB8}"
EndProject
Project("{8BC9CEB8-8B4A-11D0-8D11-00A0C91BC942}") = "Bai010", "Bai010\Bai010.vcxproj", "{11F7A0CB-37CA-41D5-88DD-B89F7F4076FD}"
EndProject
Project("{8BC9CEB8-8B4A-11D0-8D11-00A0C91BC942}") = "Bai012", "Bai012\Bai012.vcxproj", "{02CB6042-2364-43F3-93BE-C1E398CD6CCD}"
EndProject
Project("{8BC9CEB8-8B4A-11D0-8D11-00A0C91BC942}") = "Bai014", "Bai014\Bai014.vcxproj", "{2054C01D-9B39-4243-A87F-3880760F3F5A}"
EndProject
Project("{8BC9CEB8-8B4A-11D0-8D11-00A0C91BC942}") = "Bai016", "Bai016\Bai016.vcxproj", "{23EABBC0-16A7-4B1A-9135-68E12D256168}"
EndProject
Project("{8BC9CEB8-8B4A-11D0-8D11-00A0C91BC942}") = "Bai018", "Bai018\Bai018.vcxproj", "{C5E8CF6A-5D4B-4D69-BA8E-8646570C386C}"
EndProject
Project("{8BC9CEB8-8B4A-11D0-8D11-00A0C91BC942}") = "Bai020", "Bai020\Bai020.vcxproj", "{C8D04BCA-BF40-4444-9930-FEDE9E3FD547}"
EndProject
Project("{8BC9CEB8-8B4A-11D0-8D11-00A0C91BC942}") = "Bai022", "Bai022\Bai022.vcxproj", "{B9FC09DB-D9EA-49F7-A923-DC08536FBC0D}"
EndProject
Project("{8BC9CEB8-8B4A-11D0-8D11-00A0C91BC942}") = "Bai024", "Bai024\Bai024.vcxproj", "{DE962FE2-9C5A-4AE8-A3AD-707915CE5F00}"
EndProject
Project("{8BC9CEB8-8B4A-11D0-8D11-00A0C91BC942}") = "Bai026", "Bai026\Bai026.vcxproj", "{7408209F-A202-435F-8BB0-340B225B8D3F}"
EndProject
Project("{8BC9CEB8-8B4A-11D0-8D11-00A0C91BC942}") = "Bai028", "Bai028\Bai028.vcxproj", "{2A1DCA68-76BD-47FD-9A9F-0C0A20353D10}"
EndProject
Project("{8BC9CEB8-8B4A-11D0-8D11-00A0C91BC942}") = "Bai030", "Bai030\Bai030.vcxproj", "{501F99C0-66D4-47E9-B30B-F17741D29AFB}"
EndProject
Project("{8BC9CEB8-8B4A-11D0-8D11-00A0C91BC942}") = "Bai032", "Bai032\Bai032.vcxproj", "{EB076BA8-96DC-40B6-BC45-91C22147FF4F}"
EndProject
Project("{8BC9CEB8-8B4A-11D0-8D11-00A0C91BC942}") = "Bai034", "Bai034\Bai034.vcxproj", "{9AD0E1F6-521A-4D17-9E83-B94866C328D2}"
EndProject
Project("{8BC9CEB8-8B4A-11D0-8D11-00A0C91BC942}") = "Bai036", "Bai036\Bai036.vcxproj", "{2B0D977A-C912-4B52-A476-D3343A787E10}"
EndProject
Project("{8BC9CEB8-8B4A-11D0-8D11-00A0C91BC942}") = "Bai038", "Bai038\Bai038.vcxproj", "{C0F7E783-32D8-4A27-B7E0-94C573EBA2FB}"
EndProject
Project("{8BC9CEB8-8B4A-11D0-8D11-00A0C91BC942}") = "Bai040", "Bai040\Bai040.vcxproj", "{6A984F30-704F-4A36-859B-61278635909F}"
EndProject
Project("{8BC9CEB8-8B4A-11D0-8D11-00A0C91BC942}") = "Bai042", "Bai042\Bai042.vcxproj", "{07686CE9-A7D8-4CD7-A9B8-CDB182C9012C}"
EndProject
Project("{8BC9CEB8-8B4A-11D0-8D11-00A0C91BC942}") = "Bai044", "Bai044\Bai044.vcxproj", "{118C0625-5EEE-4AFB-A2E9-A235F3AA8286}"
EndProject
Project("{8BC9CEB8-8B4A-11D0-8D11-00A0C91BC942}") = "Bai046", "Bai046\Bai046.vcxproj", "{E8F772DB-E355-4CC2-8B3C-EFFC979D98D3}"
EndProject
Project("{8BC9CEB8-8B4A-11D0-8D11-00A0C91BC942}") = "Bai048", "Bai048\Bai048.vcxproj", "{21716173-B342-4837-B1B8-BBE07232309D}"
EndProject
Project("{8BC9CEB8-8B4A-11D0-8D11-00A0C91BC942}") = "Bai001", "Bai001\Bai001.vcxproj", "{70F608FE-79C9-4B59-B900-1B1ECBB29286}"
EndProject
Project("{8BC9CEB8-8B4A-11D0-8D11-00A0C91BC942}") = "Bai003", "Bai003\Bai003.vcxproj", "{E687BEB5-DBAC-41B5-B348-622C4F6E4B8A}"
EndProject
Project("{8BC9CEB8-8B4A-11D0-8D11-00A0C91BC942}") = "Bai005", "Bai005\Bai005.vcxproj", "{9A69636F-4CE1-468E-8A50-8D1C62BEE025}"
EndProject
Project("{8BC9CEB8-8B4A-11D0-8D11-00A0C91BC942}") = "Bai007", "Bai007\Bai007.vcxproj", "{205A31E1-7439-466B-8CF8-AB4BDEE249E1}"
EndProject
Project("{8BC9CEB8-8B4A-11D0-8D11-00A0C91BC942}") = "Bai009", "Bai009\Bai009.vcxproj", "{0AB47F75-E0ED-421D-A5B6-E6DB18187C79}"
EndProject
Project("{8BC9CEB8-8B4A-11D0-8D11-00A0C91BC942}") = "Bai011", "Bai011\Bai011.vcxproj", "{52BCBA4F-D0FD-48A5-8535-093510E4191B}"
EndProject
Project("{8BC9CEB8-8B4A-11D0-8D11-00A0C91BC942}") = "Bai013", "Bai013\Bai013.vcxproj", "{C74CF7D1-4C6F-48FC-8B28-04A5F3B8360C}"
EndProject
Project("{8BC9CEB8-8B4A-11D0-8D11-00A0C91BC942}") = "Bai015", "Bai015\Bai015.vcxproj", "{06513B99-84DF-424D-8B1E-327BAD39EDE8}"
EndProject
Project("{8BC9CEB8-8B4A-11D0-8D11-00A0C91BC942}") = "Bai017", "Bai017\Bai017.vcxproj", "{06129C4A-7C66-485E-9FF6-4E13F2300F67}"
EndProject
Project("{8BC9CEB8-8B4A-11D0-8D11-00A0C91BC942}") = "Bai019", "Bai019\Bai019.vcxproj", "{003F6355-C94C-403F-8627-49F6720B21FB}"
EndProject
Project("{8BC9CEB8-8B4A-11D0-8D11-00A0C91BC942}") = "Bai021", "Bai021\Bai021.vcxproj", "{81C45834-5228-4890-9981-1A74315A6F8F}"
EndProject
Project("{8BC9CEB8-8B4A-11D0-8D11-00A0C91BC942}") = "Bai023", "Bai023\Bai023.vcxproj", "{42305588-A28C-40E0-AB21-F94B6EAF32AF}"
EndProject
Project("{8BC9CEB8-8B4A-11D0-8D11-00A0C91BC942}") = "Bai025", "Bai025\Bai025.vcxproj", "{486C5725-48E8-4509-AA41-C275DE548745}"
EndProject
Project("{8BC9CEB8-8B4A-11D0-8D11-00A0C91BC942}") = "Bai027", "Bai027\Bai027.vcxproj", "{8695593A-3355-4C7D-8041-DB523D28CF1C}"
EndProject
Project("{8BC9CEB8-8B4A-11D0-8D11-00A0C91BC942}") = "Bai029", "Bai029\Bai029.vcxproj", "{D3A32FFB-9CED-47B8-83BD-BEE9775983D4}"
EndProject
Project("{8BC9CEB8-8B4A-11D0-8D11-00A0C91BC942}") = "Bai031", "Bai031\Bai031.vcxproj", "{56774755-A981-4874-BD84-729A9028C763}"
EndProject
Project("{8BC9CEB8-8B4A-11D0-8D11-00A0C91BC942}") = "Bai033", "Bai033\Bai033.vcxproj", "{BD52BE74-A0EB-4D21-A098-23DAEB873553}"
EndProject
Project("{8BC9CEB8-8B4A-11D0-8D11-00A0C91BC942}") = "Bai035", "Bai035\Bai035.vcxproj", "{1E9A61F4-378C-4037-A6A1-3B56E8044AF1}"
EndProject
Project("{8BC9CEB8-8B4A-11D0-8D11-00A0C91BC942}") = "Bai037", "Bai037\Bai037.vcxproj", "{4FAAE90F-D7C0-449A-9516-B93EE648609C}"
EndProject
Project("{8BC9CEB8-8B4A-11D0-8D11-00A0C91BC942}") = "Bai039", "Bai039\Bai039.vcxproj", "{1CE82D69-2697-47A9-AA27-FB6B242821C8}"
EndProject
Project("{8BC9CEB8-8B4A-11D0-8D11-00A0C91BC942}") = "Bai041", "Bai041\Bai041.vcxproj", "{480D3224-66AD-4F48-B704-7B8599A2A59C}"
EndProject
Project("{8BC9CEB8-8B4A-11D0-8D11-00A0C91BC942}") = "Bai043", "Bai043\Bai043.vcxproj", "{77D476AC-31C2-42B9-A008-7E62D957D26E}"
EndProject
Project("{8BC9CEB8-8B4A-11D0-8D11-00A0C91BC942}") = "Bai045", "Bai045\Bai045.vcxproj", "{82FDEEB7-FBC6-4A81-97C6-362A6AF8CC75}"
EndProject
Project("{8BC9CEB8-8B4A-11D0-8D11-00A0C91BC942}") = "Bai047", "Bai047\Bai047.vcxproj", "{CF4A06AC-361F-4619-A736-61FC50454A02}"
EndProject
Project("{8BC9CEB8-8B4A-11D0-8D11-00A0C91BC942}") = "Bai049", "Bai049\Bai049.vcxproj", "{6B278E6F-BD10-4E34-A9CA-74761B6BF9EF}"
EndProject
Project("{8BC9CEB8-8B4A-11D0-8D11-00A0C91BC942}") = "Bai051", "Bai051\Bai051.vcxproj", "{35E1C215-7FEC-4465-8258-C543A2C496F3}"
EndProject
Project("{8BC9CEB8-8B4A-11D0-8D11-00A0C91BC942}") = "Bai053", "Bai053\Bai053.vcxproj", "{D62DC7B9-E02B-430E-A721-5E240C7BDDDC}"
EndProject
Project("{8BC9CEB8-8B4A-11D0-8D11-00A0C91BC942}") = "Bai055", "Bai055\Bai055.vcxproj", "{FF46E34F-70D7-4544-96A1-F98C4C59CDE4}"
EndProject
Project("{8BC9CEB8-8B4A-11D0-8D11-00A0C91BC942}") = "Bai057", "Bai057\Bai057.vcxproj", "{28782674-BE70-4AC7-BE8E-5AB25DDE238D}"
EndProject
Project("{8BC9CEB8-8B4A-11D0-8D11-00A0C91BC942}") = "Bai059", "Bai059\Bai059.vcxproj", "{9F598852-F6AE-4903-8476-AAEF6CA6F5DA}"
EndProject
Project("{8BC9CEB8-8B4A-11D0-8D11-00A0C91BC942}") = "Bai061", "Bai061\Bai061.vcxproj", "{3607689D-D495-4A10-BC5F-C63772D15CB2}"
EndProject
Project("{8BC9CEB8-8B4A-11D0-8D11-00A0C91BC942}") = "Bai063", "Bai063\Bai063.vcxproj", "{54E50A5E-B13D-4F53-823E-3C5475E96232}"
EndProject
Project("{8BC9CEB8-8B4A-11D0-8D11-00A0C91BC942}") = "Bai065", "Bai065\Bai065.vcxproj", "{8720177C-EC08-4381-97A3-9008D42BF28D}"
EndProject
Project("{8BC9CEB8-8B4A-11D0-8D11-00A0C91BC942}") = "Bai067", "Bai067\Bai067.vcxproj", "{BF207AF0-5400-445D-B2EE-3AA87BA1C93E}"
EndProject
Project("{8BC9CEB8-8B4A-11D0-8D11-00A0C91BC942}") = "Bai069", "Bai069\Bai069.vcxproj", "{236E502A-53CC-45BF-9C71-44311C379C8B}"
EndProject
Project("{8BC9CEB8-8B4A-11D0-8D11-00A0C91BC942}") = "Bai071", "Bai071\Bai071.vcxproj", "{8EBD63AB-B892-4CB1-916F-E997D926E787}"
EndProject
Project("{8BC9CEB8-8B4A-11D0-8D11-00A0C91BC942}") = "Bai073", "Bai073\Bai073.vcxproj", "{C3639F0B-EC16-4B46-9BF5-E3B9D72828EB}"
EndProject
Project("{8BC9CEB8-8B4A-11D0-8D11-00A0C91BC942}") = "Bai075", "Bai075\Bai075.vcxproj", "{BA4E7B99-A06C-4DA0-928A-4A105BC876BD}"
EndProject
Project("{8BC9CEB8-8B4A-11D0-8D11-00A0C91BC942}") = "Bai077", "Bai077\Bai077.vcxproj", "{7A22B6C8-708D-42DE-A07E-4CBCD8779B3D}"
EndProject
Project("{8BC9CEB8-8B4A-11D0-8D11-00A0C91BC942}") = "Bai079", "Bai079\Bai079.vcxproj", "{1E14C590-7543-462B-AA62-868A95588181}"
EndProject
Project("{8BC9CEB8-8B4A-11D0-8D11-00A0C91BC942}") = "Bai081", "Bai081\Bai081.vcxproj", "{70ED6260-8EA8-4090-9189-DBBFB626D3CC}"
EndProject
Project("{8BC9CEB8-8B4A-11D0-8D11-00A0C91BC942}") = "Bai083", "Bai083\Bai083.vcxproj", "{5FAE97C1-3400-4CED-8089-98AE64899C9F}"
EndProject
Project("{8BC9CEB8-8B4A-11D0-8D11-00A0C91BC942}") = "Bai085", "Bai085\Bai085.vcxproj", "{790CA8FF-3B39-42B2-A114-5CA45A0FDF8F}"
EndProject
Project("{8BC9CEB8-8B4A-11D0-8D11-00A0C91BC942}") = "Bai087", "Bai087\Bai087.vcxproj", "{E77FAD46-E4A7-4290-8465-FB03E4E429A6}"
EndProject
Project("{8BC9CEB8-8B4A-11D0-8D11-00A0C91BC942}") = "Bai089", "Bai089\Bai089.vcxproj", "{B8CB3C60-122E-40A2-85DD-29D3CE9B13F4}"
EndProject
Project("{8BC9CEB8-8B4A-11D0-8D11-00A0C91BC942}") = "Bai091", "Bai091\Bai091.vcxproj", "{1AA5BB7B-8F6D-4F79-84FB-AC99FD07D3AD}"
EndProject
Project("{8BC9CEB8-8B4A-11D0-8D11-00A0C91BC942}") = "Bai093", "Bai093\Bai093.vcxproj", "{D736B316-BD25-4FE5-A5C1-9C2D8BB9712A}"
EndProject
Project("{8BC9CEB8-8B4A-11D0-8D11-00A0C91BC942}") = "Bai095", "Bai095\Bai095.vcxproj", "{B054BC1A-93BD-4DC6-AE31-AF3B3106C8F8}"
EndProject
Project("{8BC9CEB8-8B4A-11D0-8D11-00A0C91BC942}") = "Bai097", "Bai097\Bai097.vcxproj", "{8CD44520-7726-46CA-BFF3-15E218C6B4A6}"
EndProject
Project("{8BC9CEB8-8B4A-11D0-8D11-00A0C91BC942}") = "Bai099", "Bai099\Bai099.vcxproj", "{10728EF1-34EE-4B7D-B936-4076480ABB1F}"
EndProject
Project("{8BC9CEB8-8B4A-11D0-8D11-00A0C91BC942}") = "Bai101", "Bai101\Bai101.vcxproj", "{9973DA5A-7E13-4DDA-94BC-839067AE02C0}"
EndProject
Project("{8BC9CEB8-8B4A-11D0-8D11-00A0C91BC942}") = "Bai103", "Bai103\Bai103.vcxproj", "{2B201033-BEAA-44A6-AE02-673E686B16FB}"
EndProject
Project("{8BC9CEB8-8B4A-11D0-8D11-00A0C91BC942}") = "Bai105", "Bai105\Bai105.vcxproj", "{49B170D5-8073-4D77-B006-6D48B3F87C64}"
EndProject
Project("{8BC9CEB8-8B4A-11D0-8D11-00A0C91BC942}") = "Bai107", "Bai107\Bai107.vcxproj", "{1316D994-0C7F-4A8B-A3B4-A8306B755945}"
EndProject
Project("{8BC9CEB8-8B4A-11D0-8D11-00A0C91BC942}") = "Bai109", "Bai109\Bai109.vcxproj", "{8B226915-14B8-4FC9-B805-68C2B94A13F6}"
EndProject
Project("{8BC9CEB8-8B4A-11D0-8D11-00A0C91BC942}") = "Bai111", "Bai111\Bai111.vcxproj", "{60D7971E-308D-424B-82B5-7CEDF6DDF757}"
EndProject
Project("{8BC9CEB8-8B4A-11D0-8D11-00A0C91BC942}") = "Bai113", "Bai113\Bai113.vcxproj", "{F29E985A-096F-4C13-8764-F2214DB632E1}"
EndProject
Project("{8BC9CEB8-8B4A-11D0-8D11-00A0C91BC942}") = "Bai115", "Bai115\Bai115.vcxproj", "{1E021ADB-A1B2-4A02-9563-A1600E3FD45C}"
EndProject
Project("{8BC9CEB8-8B4A-11D0-8D11-00A0C91BC942}") = "Bai117", "Bai117\Bai117.vcxproj", "{231E0AC1-85C3-4050-8F28-5A2259ACA2B6}"
EndProject
Project("{8BC9CEB8-8B4A-11D0-8D11-00A0C91BC942}") = "Bai119", "Bai119\Bai119.vcxproj", "{D14F24FC-6418-49DB-8C59-6FAEB78D4AF8}"
EndProject
Project("{8BC9CEB8-8B4A-11D0-8D11-00A0C91BC942}") = "Bai121", "Bai121\Bai121.vcxproj", "{ABB22136-A211-4052-9B83-01ED3AF0CF54}"
EndProject
Project("{8BC9CEB8-8B4A-11D0-8D11-00A0C91BC942}") = "Bai123", "Bai123\Bai123.vcxproj", "{92667AD3-8403-4726-8669-DD37CF43FC38}"
EndProject
Project("{8BC9CEB8-8B4A-11D0-8D11-00A0C91BC942}") = "Bai125", "Bai125\Bai125.vcxproj", "{487D8D84-359A-4B12-922F-D8DA3B4E4601}"
EndProject
Project("{8BC9CEB8-8B4A-11D0-8D11-00A0C91BC942}") = "Bai127", "Bai127\Bai127.vcxproj", "{F2A344A4-A869-4E76-8623-9332127212DA}"
EndProject
Project("{8BC9CEB8-8B4A-11D0-8D11-00A0C91BC942}") = "Bai129", "Bai129\Bai129.vcxproj", "{CD4F714B-CF69-483D-B4E7-9C15868097CA}"
EndProject
Project("{8BC9CEB8-8B4A-11D0-8D11-00A0C91BC942}") = "Bai131", "Bai131\Bai131.vcxproj", "{623FF70B-3222-4822-83D7-855B691AE638}"
EndProject
Project("{8BC9CEB8-8B4A-11D0-8D11-00A0C91BC942}") = "Bai133", "Bai133\Bai133.vcxproj", "{F3E6B2B6-D248-4B01-9D6D-DCAAFDADFA86}"
EndProject
Project("{8BC9CEB8-8B4A-11D0-8D11-00A0C91BC942}") = "Bai135", "Bai135\Bai135.vcxproj", "{04EDAD9C-0FC0-45B0-BC85-74EF922A6428}"
EndProject
Project("{8BC9CEB8-8B4A-11D0-8D11-00A0C91BC942}") = "Bai137", "Bai137\Bai137.vcxproj", "{08E8EE2C-DF95-4BF2-9D09-0685BD4D6A95}"
EndProject
Project("{8BC9CEB8-8B4A-11D0-8D11-00A0C91BC942}") = "Bai139", "Bai139\Bai139.vcxproj", "{D529F81C-37E4-462B-804C-72BEA10E6C47}"
EndProject
Project("{8BC9CEB8-8B4A-11D0-8D11-00A0C91BC942}") = "Bai141", "Bai141\Bai141.vcxproj", "{4DDDE98C-8F59-469D-B1C1-003628A46A5D}"
EndProject
Project("{8BC9CEB8-8B4A-11D0-8D11-00A0C91BC942}") = "Bai143", "Bai143\Bai143.vcxproj", "{84F19C29-A81C-4BF3-8E95-CA3672B86032}"
EndProject
Project("{8BC9CEB8-8B4A-11D0-8D11-00A0C91BC942}") = "Bai145", "Bai145\Bai145.vcxproj", "{C21BB2DE-D67B-4593-87D1-2F6F30B78623}"
EndProject
Project("{8BC9CEB8-8B4A-11D0-8D11-00A0C91BC942}") = "Bai147", "Bai147\Bai147.vcxproj", "{B9ADBE0E-DD25-4237-9A88-7CE106736851}"
EndProject
Project("{8BC9CEB8-8B4A-11D0-8D11-00A0C91BC942}") = "Bai149", "Bai149\Bai149.vcxproj", "{A526DE3B-5CCD-4075-9CE3-C279807F4790}"
EndProject
Project("{8BC9CEB8-8B4A-11D0-8D11-00A0C91BC942}") = "Bai151", "Bai151\Bai151.vcxproj", "{4FFB910B-40DD-4773-A361-1EFBEA02B45A}"
EndProject
Project("{8BC9CEB8-8B4A-11D0-8D11-00A0C91BC942}") = "Bai153", "Bai153\Bai153.vcxproj", "{B6A530AF-E050-42C0-AACD-47E85AF99013}"
EndProject
Project("{8BC9CEB8-8B4A-11D0-8D11-00A0C91BC942}") = "Bai155", "Bai155\Bai155.vcxproj", "{D4EC32D5-BD64-4F6D-A67A-BA541E1FD375}"
EndProject
Project("{8BC9CEB8-8B4A-11D0-8D11-00A0C91BC942}") = "Bai157", "Bai157\Bai157.vcxproj", "{019F1C36-DA29-4441-8F4D-7E619BD7B1BA}"
EndProject
Project("{8BC9CEB8-8B4A-11D0-8D11-00A0C91BC942}") = "Bai159", "Bai159\Bai159.vcxproj", "{B46A4D1C-2F3E-48EE-9606-64377E75D975}"
EndProject
Project("{8BC9CEB8-8B4A-11D0-8D11-00A0C91BC942}") = "Bai161", "Bai161\Bai161.vcxproj", "{776DCD90-396D-4E5D-AD83-9C7A7510B373}"
EndProject
Project("{8BC9CEB8-8B4A-11D0-8D11-00A0C91BC942}") = "Bai163", "Bai163\Bai163.vcxproj", "{DC5A28B4-C298-4BF5-9809-C4FC68937841}"
EndProject
Project("{8BC9CEB8-8B4A-11D0-8D11-00A0C91BC942}") = "Bai165", "Bai165\Bai165.vcxproj", "{071B5231-BEA0-422C-8C3A-24ABE2F6B286}"
EndProject
Project("{8BC9CEB8-8B4A-11D0-8D11-00A0C91BC942}") = "Bai167", "Bai167\Bai167.vcxproj", "{52F42827-1864-492B-805B-C914E0485415}"
EndProject
Global
	GlobalSection(SolutionConfigurationPlatforms) = preSolution
		Debug|x64 = Debug|x64
		Debug|x86 = Debug|x86
		Release|x64 = Release|x64
		Release|x86 = Release|x86
	EndGlobalSection
	GlobalSection(ProjectConfigurationPlatforms) = postSolution
		{41C96123-FEF1-4F13-AEE9-4F25DB0DE522}.Debug|x64.ActiveCfg = Debug|x64
		{41C96123-FEF1-4F13-AEE9-4F25DB0DE522}.Debug|x64.Build.0 = Debug|x64
		{41C96123-FEF1-4F13-AEE9-4F25DB0DE522}.Debug|x86.ActiveCfg = Debug|Win32
		{41C96123-FEF1-4F13-AEE9-4F25DB0DE522}.Debug|x86.Build.0 = Debug|Win32
		{41C96123-FEF1-4F13-AEE9-4F25DB0DE522}.Release|x64.ActiveCfg = Release|x64
		{41C96123-FEF1-4F13-AEE9-4F25DB0DE522}.Release|x64.Build.0 = Release|x64
		{41C96123-FEF1-4F13-AEE9-4F25DB0DE522}.Release|x86.ActiveCfg = Release|Win32
		{41C96123-FEF1-4F13-AEE9-4F25DB0DE522}.Release|x86.Build.0 = Release|Win32
		{8F27FEB6-6405-4EE7-8B4F-3CAA7ED4C603}.Debug|x64.ActiveCfg = Debug|x64
		{8F27FEB6-6405-4EE7-8B4F-3CAA7ED4C603}.Debug|x64.Build.0 = Debug|x64
		{8F27FEB6-6405-4EE7-8B4F-3CAA7ED4C603}.Debug|x86.ActiveCfg = Debug|Win32
		{8F27FEB6-6405-4EE7-8B4F-3CAA7ED4C603}.Debug|x86.Build.0 = Debug|Win32
		{8F27FEB6-6405-4EE7-8B4F-3CAA7ED4C603}.Release|x64.ActiveCfg = Release|x64
		{8F27FEB6-6405-4EE7-8B4F-3CAA7ED4C603}.Release|x64.Build.0 = Release|x64
		{8F27FEB6-6405-4EE7-8B4F-3CAA7ED4C603}.Release|x86.ActiveCfg = Release|Win32
		{8F27FEB6-6405-4EE7-8B4F-3CAA7ED4C603}.Release|x86.Build.0 = Release|Win32
		{3C116FA6-2434-46C2-937E-E812389C18A9}.Debug|x64.ActiveCfg = Debug|x64
		{3C116FA6-2434-46C2-937E-E812389C18A9}.Debug|x64.Build.0 = Debug|x64
		{3C116FA6-2434-46C2-937E-E812389C18A9}.Debug|x86.ActiveCfg = Debug|Win32
		{3C116FA6-2434-46C2-937E-E812389C18A9}.Debug|x86.Build.0 = Debug|Win32
		{3C116FA6-2434-46C2-937E-E812389C18A9}.Release|x64.ActiveCfg = Release|x64
		{3C116FA6-2434-46C2-937E-E812389C18A9}.Release|x64.Build.0 = Release|x64
		{3C116FA6-2434-46C2-937E-E812389C18A9}.Release|x86.ActiveCfg = Release|Win32
		{3C116FA6-2434-46C2-937E-E812389C18A9}.Release|x86.Build.0 = Release|Win32
		{9804BB12-18A7-4216-8D0D-9BBFDB9AFAB8}.Debug|x64.ActiveCfg = Debug|x64
		{9804BB12-18A7-4216-8D0D-9BBFDB9AFAB8}.Debug|x64.Build.0 = Debug|x64
		{9804BB12-18A7-4216-8D0D-9BBFDB9AFAB8}.Debug|x86.ActiveCfg = Debug|Win32
		{9804BB12-18A7-4216-8D0D-9BBFDB9AFAB8}.Debug|x86.Build.0 = Debug|Win32
		{9804BB12-18A7-4216-8D0D-9BBFDB9AFAB8}.Release|x64.ActiveCfg = Release|x64
		{9804BB12-18A7-4216-8D0D-9BBFDB9AFAB8}.Release|x64.Build.0 = Release|x64
		{9804BB12-18A7-4216-8D0D-9BBFDB9AFAB8}.Release|x86.ActiveCfg = Release|Win32
		{9804BB12-18A7-4216-8D0D-9BBFDB9AFAB8}.Release|x86.Build.0 = Release|Win32
		{11F7A0CB-37CA-41D5-88DD-B89F7F4076FD}.Debug|x64.ActiveCfg = Debug|x64
		{11F7A0CB-37CA-41D5-88DD-B89F7F4076FD}.Debug|x64.Build.0 = Debug|x64
		{11F7A0CB-37CA-41D5-88DD-B89F7F4076FD}.Debug|x86.ActiveCfg = Debug|Win32
		{11F7A0CB-37CA-41D5-88DD-B89F7F4076FD}.Debug|x86.Build.0 = Debug|Win32
		{11F7A0CB-37CA-41D5-88DD-B89F7F4076FD}.Release|x64.ActiveCfg = Release|x64
		{11F7A0CB-37CA-41D5-88DD-B89F7F4076FD}.Release|x64.Build.0 = Release|x64
		{11F7A0CB-37CA-41D5-88DD-B89F7F4076FD}.Release|x86.ActiveCfg = Release|Win32
		{11F7A0CB-37CA-41D5-88DD-B89F7F4076FD}.Release|x86.Build.0 = Release|Win32
		{02CB6042-2364-43F3-93BE-C1E398CD6CCD}.Debug|x64.ActiveCfg = Debug|x64
		{02CB6042-2364-43F3-93BE-C1E398CD6CCD}.Debug|x64.Build.0 = Debug|x64
		{02CB6042-2364-43F3-93BE-C1E398CD6CCD}.Debug|x86.ActiveCfg = Debug|Win32
		{02CB6042-2364-43F3-93BE-C1E398CD6CCD}.Debug|x86.Build.0 = Debug|Win32
		{02CB6042-2364-43F3-93BE-C1E398CD6CCD}.Release|x64.ActiveCfg = Release|x64
		{02CB6042-2364-43F3-93BE-C1E398CD6CCD}.Release|x64.Build.0 = Release|x64
		{02CB6042-2364-43F3-93BE-C1E398CD6CCD}.Release|x86.ActiveCfg = Release|Win32
		{02CB6042-2364-43F3-93BE-C1E398CD6CCD}.Release|x86.Build.0 = Release|Win32
		{2054C01D-9B39-4243-A87F-3880760F3F5A}.Debug|x64.ActiveCfg = Debug|x64
		{2054C01D-9B39-4243-A87F-3880760F3F5A}.Debug|x64.Build.0 = Debug|x64
		{2054C01D-9B39-4243-A87F-3880760F3F5A}.Debug|x86.ActiveCfg = Debug|Win32
		{2054C01D-9B39-4243-A87F-3880760F3F5A}.Debug|x86.Build.0 = Debug|Win32
		{2054C01D-9B39-4243-A87F-3880760F3F5A}.Release|x64.ActiveCfg = Release|x64
		{2054C01D-9B39-4243-A87F-3880760F3F5A}.Release|x64.Build.0 = Release|x64
		{2054C01D-9B39-4243-A87F-3880760F3F5A}.Release|x86.ActiveCfg = Release|Win32
		{2054C01D-9B39-4243-A87F-3880760F3F5A}.Release|x86.Build.0 = Release|Win32
		{23EABBC0-16A7-4B1A-9135-68E12D256168}.Debug|x64.ActiveCfg = Debug|x64
		{23EABBC0-16A7-4B1A-9135-68E12D256168}.Debug|x64.Build.0 = Debug|x64
		{23EABBC0-16A7-4B1A-9135-68E12D256168}.Debug|x86.ActiveCfg = Debug|Win32
		{23EABBC0-16A7-4B1A-9135-68E12D256168}.Debug|x86.Build.0 = Debug|Win32
		{23EABBC0-16A7-4B1A-9135-68E12D256168}.Release|x64.ActiveCfg = Release|x64
		{23EABBC0-16A7-4B1A-9135-68E12D256168}.Release|x64.Build.0 = Release|x64
		{23EABBC0-16A7-4B1A-9135-68E12D256168}.Release|x86.ActiveCfg = Release|Win32
		{23EABBC0-16A7-4B1A-9135-68E12D256168}.Release|x86.Build.0 = Release|Win32
		{C5E8CF6A-5D4B-4D69-BA8E-8646570C386C}.Debug|x64.ActiveCfg = Debug|x64
		{C5E8CF6A-5D4B-4D69-BA8E-8646570C386C}.Debug|x64.Build.0 = Debug|x64
		{C5E8CF6A-5D4B-4D69-BA8E-8646570C386C}.Debug|x86.ActiveCfg = Debug|Win32
		{C5E8CF6A-5D4B-4D69-BA8E-8646570C386C}.Debug|x86.Build.0 = Debug|Win32
		{C5E8CF6A-5D4B-4D69-BA8E-8646570C386C}.Release|x64.ActiveCfg = Release|x64
		{C5E8CF6A-5D4B-4D69-BA8E-8646570C386C}.Release|x64.Build.0 = Release|x64
		{C5E8CF6A-5D4B-4D69-BA8E-8646570C386C}.Release|x86.ActiveCfg = Release|Win32
		{C5E8CF6A-5D4B-4D69-BA8E-8646570C386C}.Release|x86.Build.0 = Release|Win32
		{C8D04BCA-BF40-4444-9930-FEDE9E3FD547}.Debug|x64.ActiveCfg = Debug|x64
		{C8D04BCA-BF40-4444-9930-FEDE9E3FD547}.Debug|x64.Build.0 = Debug|x64
		{C8D04BCA-BF40-4444-9930-FEDE9E3FD547}.Debug|x86.ActiveCfg = Debug|Win32
		{C8D04BCA-BF40-4444-9930-FEDE9E3FD547}.Debug|x86.Build.0 = Debug|Win32
		{C8D04BCA-BF40-4444-9930-FEDE9E3FD547}.Release|x64.ActiveCfg = Release|x64
		{C8D04BCA-BF40-4444-9930-FEDE9E3FD547}.Release|x64.Build.0 = Release|x64
		{C8D04BCA-BF40-4444-9930-FEDE9E3FD547}.Release|x86.ActiveCfg = Release|Win32
		{C8D04BCA-BF40-4444-9930-FEDE9E3FD547}.Release|x86.Build.0 = Release|Win32
		{B9FC09DB-D9EA-49F7-A923-DC08536FBC0D}.Debug|x64.ActiveCfg = Debug|x64
		{B9FC09DB-D9EA-49F7-A923-DC08536FBC0D}.Debug|x64.Build.0 = Debug|x64
		{B9FC09DB-D9EA-49F7-A923-DC08536FBC0D}.Debug|x86.ActiveCfg = Debug|Win32
		{B9FC09DB-D9EA-49F7-A923-DC08536FBC0D}.Debug|x86.Build.0 = Debug|Win32
		{B9FC09DB-D9EA-49F7-A923-DC08536FBC0D}.Release|x64.ActiveCfg = Release|x64
		{B9FC09DB-D9EA-49F7-A923-DC08536FBC0D}.Release|x64.Build.0 = Release|x64
		{B9FC09DB-D9EA-49F7-A923-DC08536FBC0D}.Release|x86.ActiveCfg = Release|Win32
		{B9FC09DB-D9EA-49F7-A923-DC08536FBC0D}.Release|x86.Build.0 = Release|Win32
		{DE962FE2-9C5A-4AE8-A3AD-707915CE5F00}.Debug|x64.ActiveCfg = Debug|x64
		{DE962FE2-9C5A-4AE8-A3AD-707915CE5F00}.Debug|x64.Build.0 = Debug|x64
		{DE962FE2-9C5A-4AE8-A3AD-707915CE5F00}.Debug|x86.ActiveCfg = Debug|Win32
		{DE962FE2-9C5A-4AE8-A3AD-707915CE5F00}.Debug|x86.Build.0 = Debug|Win32
		{DE962FE2-9C5A-4AE8-A3AD-707915CE5F00}.Release|x64.ActiveCfg = Release|x64
		{DE962FE2-9C5A-4AE8-A3AD-707915CE5F00}.Release|x64.Build.0 = Release|x64
		{DE962FE2-9C5A-4AE8-A3AD-707915CE5F00}.Release|x86.ActiveCfg = Release|Win32
		{DE962FE2-9C5A-4AE8-A3AD-707915CE5F00}.Release|x86.Build.0 = Release|Win32
		{7408209F-A202-435F-8BB0-340B225B8D3F}.Debug|x64.ActiveCfg = Debug|x64
		{7408209F-A202-435F-8BB0-340B225B8D3F}.Debug|x64.Build.0 = Debug|x64
		{7408209F-A202-435F-8BB0-340B225B8D3F}.Debug|x86.ActiveCfg = Debug|Win32
		{7408209F-A202-435F-8BB0-340B225B8D3F}.Debug|x86.Build.0 = Debug|Win32
		{7408209F-A202-435F-8BB0-340B225B8D3F}.Release|x64.ActiveCfg = Release|x64
		{7408209F-A202-435F-8BB0-340B225B8D3F}.Release|x64.Build.0 = Release|x64
		{7408209F-A202-435F-8BB0-340B225B8D3F}.Release|x86.ActiveCfg = Release|Win32
		{7408209F-A202-435F-8BB0-340B225B8D3F}.Release|x86.Build.0 = Release|Win32
		{2A1DCA68-76BD-47FD-9A9F-0C0A20353D10}.Debug|x64.ActiveCfg = Debug|x64
		{2A1DCA68-76BD-47FD-9A9F-0C0A20353D10}.Debug|x64.Build.0 = Debug|x64
		{2A1DCA68-76BD-47FD-9A9F-0C0A20353D10}.Debug|x86.ActiveCfg = Debug|Win32
		{2A1DCA68-76BD-47FD-9A9F-0C0A20353D10}.Debug|x86.Build.0 = Debug|Win32
		{2A1DCA68-76BD-47FD-9A9F-0C0A20353D10}.Release|x64.ActiveCfg = Release|x64
		{2A1DCA68-76BD-47FD-9A9F-0C0A20353D10}.Release|x64.Build.0 = Release|x64
		{2A1DCA68-76BD-47FD-9A9F-0C0A20353D10}.Release|x86.ActiveCfg = Release|Win32
		{2A1DCA68-76BD-47FD-9A9F-0C0A20353D10}.Release|x86.Build.0 = Release|Win32
		{501F99C0-66D4-47E9-B30B-F17741D29AFB}.Debug|x64.ActiveCfg = Debug|x64
		{501F99C0-66D4-47E9-B30B-F17741D29AFB}.Debug|x64.Build.0 = Debug|x64
		{501F99C0-66D4-47E9-B30B-F17741D29AFB}.Debug|x86.ActiveCfg = Debug|Win32
		{501F99C0-66D4-47E9-B30B-F17741D29AFB}.Debug|x86.Build.0 = Debug|Win32
		{501F99C0-66D4-47E9-B30B-F17741D29AFB}.Release|x64.ActiveCfg = Release|x64
		{501F99C0-66D4-47E9-B30B-F17741D29AFB}.Release|x64.Build.0 = Release|x64
		{501F99C0-66D4-47E9-B30B-F17741D29AFB}.Release|x86.ActiveCfg = Release|Win32
		{501F99C0-66D4-47E9-B30B-F17741D29AFB}.Release|x86.Build.0 = Release|Win32
		{EB076BA8-96DC-40B6-BC45-91C22147FF4F}.Debug|x64.ActiveCfg = Debug|x64
		{EB076BA8-96DC-40B6-BC45-91C22147FF4F}.Debug|x64.Build.0 = Debug|x64
		{EB076BA8-96DC-40B6-BC45-91C22147FF4F}.Debug|x86.ActiveCfg = Debug|Win32
		{EB076BA8-96DC-40B6-BC45-91C22147FF4F}.Debug|x86.Build.0 = Debug|Win32
		{EB076BA8-96DC-40B6-BC45-91C22147FF4F}.Release|x64.ActiveCfg = Release|x64
		{EB076BA8-96DC-40B6-BC45-91C22147FF4F}.Release|x64.Build.0 = Release|x64
		{EB076BA8-96DC-40B6-BC45-91C22147FF4F}.Release|x86.ActiveCfg = Release|Win32
		{EB076BA8-96DC-40B6-BC45-91C22147FF4F}.Release|x86.Build.0 = Release|Win32
		{9AD0E1F6-521A-4D17-9E83-B94866C328D2}.Debug|x64.ActiveCfg = Debug|x64
		{9AD0E1F6-521A-4D17-9E83-B94866C328D2}.Debug|x64.Build.0 = Debug|x64
		{9AD0E1F6-521A-4D17-9E83-B94866C328D2}.Debug|x86.ActiveCfg = Debug|Win32
		{9AD0E1F6-521A-4D17-9E83-B94866C328D2}.Debug|x86.Build.0 = Debug|Win32
		{9AD0E1F6-521A-4D17-9E83-B94866C328D2}.Release|x64.ActiveCfg = Release|x64
		{9AD0E1F6-521A-4D17-9E83-B94866C328D2}.Release|x64.Build.0 = Release|x64
		{9AD0E1F6-521A-4D17-9E83-B94866C328D2}.Release|x86.ActiveCfg = Release|Win32
		{9AD0E1F6-521A-4D17-9E83-B94866C328D2}.Release|x86.Build.0 = Release|Win32
		{2B0D977A-C912-4B52-A476-D3343A787E10}.Debug|x64.ActiveCfg = Debug|x64
		{2B0D977A-C912-4B52-A476-D3343A787E10}.Debug|x64.Build.0 = Debug|x64
		{2B0D977A-C912-4B52-A476-D3343A787E10}.Debug|x86.ActiveCfg = Debug|Win32
		{2B0D977A-C912-4B52-A476-D3343A787E10}.Debug|x86.Build.0 = Debug|Win32
		{2B0D977A-C912-4B52-A476-D3343A787E10}.Release|x64.ActiveCfg = Release|x64
		{2B0D977A-C912-4B52-A476-D3343A787E10}.Release|x64.Build.0 = Release|x64
		{2B0D977A-C912-4B52-A476-D3343A787E10}.Release|x86.ActiveCfg = Release|Win32
		{2B0D977A-C912-4B52-A476-D3343A787E10}.Release|x86.Build.0 = Release|Win32
		{C0F7E783-32D8-4A27-B7E0-94C573EBA2FB}.Debug|x64.ActiveCfg = Debug|x64
		{C0F7E783-32D8-4A27-B7E0-94C573EBA2FB}.Debug|x64.Build.0 = Debug|x64
		{C0F7E783-32D8-4A27-B7E0-94C573EBA2FB}.Debug|x86.ActiveCfg = Debug|Win32
		{C0F7E783-32D8-4A27-B7E0-94C573EBA2FB}.Debug|x86.Build.0 = Debug|Win32
		{C0F7E783-32D8-4A27-B7E0-94C573EBA2FB}.Release|x64.ActiveCfg = Release|x64
		{C0F7E783-32D8-4A27-B7E0-94C573EBA2FB}.Release|x64.Build.0 = Release|x64
		{C0F7E783-32D8-4A27-B7E0-94C573EBA2FB}.Release|x86.ActiveCfg = Release|Win32
		{C0F7E783-32D8-4A27-B7E0-94C573EBA2FB}.Release|x86.Build.0 = Release|Win32
		{6A984F30-704F-4A36-859B-61278635909F}.Debug|x64.ActiveCfg = Debug|x64
		{6A984F30-704F-4A36-859B-61278635909F}.Debug|x64.Build.0 = Debug|x64
		{6A984F30-704F-4A36-859B-61278635909F}.Debug|x86.ActiveCfg = Debug|Win32
		{6A984F30-704F-4A36-859B-61278635909F}.Debug|x86.Build.0 = Debug|Win32
		{6A984F30-704F-4A36-859B-61278635909F}.Release|x64.ActiveCfg = Release|x64
		{6A984F30-704F-4A36-859B-61278635909F}.Release|x64.Build.0 = Release|x64
		{6A984F30-704F-4A36-859B-61278635909F}.Release|x86.ActiveCfg = Release|Win32
		{6A984F30-704F-4A36-859B-61278635909F}.Release|x86.Build.0 = Release|Win32
		{07686CE9-A7D8-4CD7-A9B8-CDB182C9012C}.Debug|x64.ActiveCfg = Debug|x64
		{07686CE9-A7D8-4CD7-A9B8-CDB182C9012C}.Debug|x64.Build.0 = Debug|x64
		{07686CE9-A7D8-4CD7-A9B8-CDB182C9012C}.Debug|x86.ActiveCfg = Debug|Win32
		{07686CE9-A7D8-4CD7-A9B8-CDB182C9012C}.Debug|x86.Build.0 = Debug|Win32
		{07686CE9-A7D8-4CD7-A9B8-CDB182C9012C}.Release|x64.ActiveCfg = Release|x64
		{07686CE9-A7D8-4CD7-A9B8-CDB182C9012C}.Release|x64.Build.0 = Release|x64
		{07686CE9-A7D8-4CD7-A9B8-CDB182C9012C}.Release|x86.ActiveCfg = Release|Win32
		{07686CE9-A7D8-4CD7-A9B8-CDB182C9012C}.Release|x86.Build.0 = Release|Win32
		{118C0625-5EEE-4AFB-A2E9-A235F3AA8286}.Debug|x64.ActiveCfg = Debug|x64
		{118C0625-5EEE-4AFB-A2E9-A235F3AA8286}.Debug|x64.Build.0 = Debug|x64
		{118C0625-5EEE-4AFB-A2E9-A235F3AA8286}.Debug|x86.ActiveCfg = Debug|Win32
		{118C0625-5EEE-4AFB-A2E9-A235F3AA8286}.Debug|x86.Build.0 = Debug|Win32
		{118C0625-5EEE-4AFB-A2E9-A235F3AA8286}.Release|x64.ActiveCfg = Release|x64
		{118C0625-5EEE-4AFB-A2E9-A235F3AA8286}.Release|x64.Build.0 = Release|x64
		{118C0625-5EEE-4AFB-A2E9-A235F3AA8286}.Release|x86.ActiveCfg = Release|Win32
		{118C0625-5EEE-4AFB-A2E9-A235F3AA8286}.Release|x86.Build.0 = Release|Win32
		{E8F772DB-E355-4CC2-8B3C-EFFC979D98D3}.Debug|x64.ActiveCfg = Debug|x64
		{E8F772DB-E355-4CC2-8B3C-EFFC979D98D3}.Debug|x64.Build.0 = Debug|x64
		{E8F772DB-E355-4CC2-8B3C-EFFC979D98D3}.Debug|x86.ActiveCfg = Debug|Win32
		{E8F772DB-E355-4CC2-8B3C-EFFC979D98D3}.Debug|x86.Build.0 = Debug|Win32
		{E8F772DB-E355-4CC2-8B3C-EFFC979D98D3}.Release|x64.ActiveCfg = Release|x64
		{E8F772DB-E355-4CC2-8B3C-EFFC979D98D3}.Release|x64.Build.0 = Release|x64
		{E8F772DB-E355-4CC2-8B3C-EFFC979D98D3}.Release|x86.ActiveCfg = Release|Win32
		{E8F772DB-E355-4CC2-8B3C-EFFC979D98D3}.Release|x86.Build.0 = Release|Win32
		{21716173-B342-4837-B1B8-BBE07232309D}.Debug|x64.ActiveCfg = Debug|x64
		{21716173-B342-4837-B1B8-BBE07232309D}.Debug|x64.Build.0 = Debug|x64
		{21716173-B342-4837-B1B8-BBE07232309D}.Debug|x86.ActiveCfg = Debug|Win32
		{21716173-B342-4837-B1B8-BBE07232309D}.Debug|x86.Build.0 = Debug|Win32
		{21716173-B342-4837-B1B8-BBE07232309D}.Release|x64.ActiveCfg = Release|x64
		{21716173-B342-4837-B1B8-BBE07232309D}.Release|x64.Build.0 = Release|x64
		{21716173-B342-4837-B1B8-BBE07232309D}.Release|x86.ActiveCfg = Release|Win32
		{21716173-B342-4837-B1B8-BBE07232309D}.Release|x86.Build.0 = Release|Win32
		{70F608FE-79C9-4B59-B900-1B1ECBB29286}.Debug|x64.ActiveCfg = Debug|x64
		{70F608FE-79C9-4B59-B900-1B1ECBB29286}.Debug|x64.Build.0 = Debug|x64
		{70F608FE-79C9-4B59-B900-1B1ECBB29286}.Debug|x86.ActiveCfg = Debug|Win32
		{70F608FE-79C9-4B59-B900-1B1ECBB29286}.Debug|x86.Build.0 = Debug|Win32
		{70F608FE-79C9-4B59-B900-1B1ECBB29286}.Release|x64.ActiveCfg = Release|x64
		{70F608FE-79C9-4B59-B900-1B1ECBB29286}.Release|x64.Build.0 = Release|x64
		{70F608FE-79C9-4B59-B900-1B1ECBB29286}.Release|x86.ActiveCfg = Release|Win32
		{70F608FE-79C9-4B59-B900-1B1ECBB29286}.Release|x86.Build.0 = Release|Win32
		{E687BEB5-DBAC-41B5-B348-622C4F6E4B8A}.Debug|x64.ActiveCfg = Debug|x64
		{E687BEB5-DBAC-41B5-B348-622C4F6E4B8A}.Debug|x64.Build.0 = Debug|x64
		{E687BEB5-DBAC-41B5-B348-622C4F6E4B8A}.Debug|x86.ActiveCfg = Debug|Win32
		{E687BEB5-DBAC-41B5-B348-622C4F6E4B8A}.Debug|x86.Build.0 = Debug|Win32
		{E687BEB5-DBAC-41B5-B348-622C4F6E4B8A}.Release|x64.ActiveCfg = Release|x64
		{E687BEB5-DBAC-41B5-B348-622C4F6E4B8A}.Release|x64.Build.0 = Release|x64
		{E687BEB5-DBAC-41B5-B348-622C4F6E4B8A}.Release|x86.ActiveCfg = Release|Win32
		{E687BEB5-DBAC-41B5-B348-622C4F6E4B8A}.Release|x86.Build.0 = Release|Win32
		{9A69636F-4CE1-468E-8A50-8D1C62BEE025}.Debug|x64.ActiveCfg = Debug|x64
		{9A69636F-4CE1-468E-8A50-8D1C62BEE025}.Debug|x64.Build.0 = Debug|x64
		{9A69636F-4CE1-468E-8A50-8D1C62BEE025}.Debug|x86.ActiveCfg = Debug|Win32
		{9A69636F-4CE1-468E-8A50-8D1C62BEE025}.Debug|x86.Build.0 = Debug|Win32
		{9A69636F-4CE1-468E-8A50-8D1C62BEE025}.Release|x64.ActiveCfg = Release|x64
		{9A69636F-4CE1-468E-8A50-8D1C62BEE025}.Release|x64.Build.0 = Release|x64
		{9A69636F-4CE1-468E-8A50-8D1C62BEE025}.Release|x86.ActiveCfg = Release|Win32
		{9A69636F-4CE1-468E-8A50-8D1C62BEE025}.Release|x86.Build.0 = Release|Win32
		{205A31E1-7439-466B-8CF8-AB4BDEE249E1}.Debug|x64.ActiveCfg = Debug|x64
		{205A31E1-7439-466B-8CF8-AB4BDEE249E1}.Debug|x64.Build.0 = Debug|x64
		{205A31E1-7439-466B-8CF8-AB4BDEE249E1}.Debug|x86.ActiveCfg = Debug|Win32
		{205A31E1-7439-466B-8CF8-AB4BDEE249E1}.Debug|x86.Build.0 = Debug|Win32
		{205A31E1-7439-466B-8CF8-AB4BDEE249E1}.Release|x64.ActiveCfg = Release|x64
		{205A31E1-7439-466B-8CF8-AB4BDEE249E1}.Release|x64.Build.0 = Release|x64
		{205A31E1-7439-466B-8CF8-AB4BDEE249E1}.Release|x86.ActiveCfg = Release|Win32
		{205A31E1-7439-466B-8CF8-AB4BDEE249E1}.Release|x86.Build.0 = Release|Win32
		{0AB47F75-E0ED-421D-A5B6-E6DB18187C79}.Debug|x64.ActiveCfg = Debug|x64
		{0AB47F75-E0ED-421D-A5B6-E6DB18187C79}.Debug|x64.Build.0 = Debug|x64
		{0AB47F75-E0ED-421D-A5B6-E6DB18187C79}.Debug|x86.ActiveCfg = Debug|Win32
		{0AB47F75-E0ED-421D-A5B6-E6DB18187C79}.Debug|x86.Build.0 = Debug|Win32
		{0AB47F75-E0ED-421D-A5B6-E6DB18187C79}.Release|x64.ActiveCfg = Release|x64
		{0AB47F75-E0ED-421D-A5B6-E6DB18187C79}.Release|x64.Build.0 = Release|x64
		{0AB47F75-E0ED-421D-A5B6-E6DB18187C79}.Release|x86.ActiveCfg = Release|Win32
		{0AB47F75-E0ED-421D-A5B6-E6DB18187C79}.Release|x86.Build.0 = Release|Win32
		{52BCBA4F-D0FD-48A5-8535-093510E4191B}.Debug|x64.ActiveCfg = Debug|x64
		{52BCBA4F-D0FD-48A5-8535-093510E4191B}.Debug|x64.Build.0 = Debug|x64
		{52BCBA4F-D0FD-48A5-8535-093510E4191B}.Debug|x86.ActiveCfg = Debug|Win32
		{52BCBA4F-D0FD-48A5-8535-093510E4191B}.Debug|x86.Build.0 = Debug|Win32
		{52BCBA4F-D0FD-48A5-8535-093510E4191B}.Release|x64.ActiveCfg = Release|x64
		{52BCBA4F-D0FD-48A5-8535-093510E4191B}.Release|x64.Build.0 = Release|x64
		{52BCBA4F-D0FD-48A5-8535-093510E4191B}.Release|x86.ActiveCfg = Release|Win32
		{52BCBA4F-D0FD-48A5-8535-093510E4191B}.Release|x86.Build.0 = Release|Win32
		{C74CF7D1-4C6F-48FC-8B28-04A5F3B8360C}.Debug|x64.ActiveCfg = Debug|x64
		{C74CF7D1-4C6F-48FC-8B28-04A5F3B8360C}.Debug|x64.Build.0 = Debug|x64
		{C74CF7D1-4C6F-48FC-8B28-04A5F3B8360C}.Debug|x86.ActiveCfg = Debug|Win32
		{C74CF7D1-4C6F-48FC-8B28-04A5F3B8360C}.Debug|x86.Build.0 = Debug|Win32
		{C74CF7D1-4C6F-48FC-8B28-04A5F3B8360C}.Release|x64.ActiveCfg = Release|x64
		{C74CF7D1-4C6F-48FC-8B28-04A5F3B8360C}.Release|x64.Build.0 = Release|x64
		{C74CF7D1-4C6F-48FC-8B28-04A5F3B8360C}.Release|x86.ActiveCfg = Release|Win32
		{C74CF7D1-4C6F-48FC-8B28-04A5F3B8360C}.Release|x86.Build.0 = Release|Win32
		{06513B99-84DF-424D-8B1E-327BAD39EDE8}.Debug|x64.ActiveCfg = Debug|x64
		{06513B99-84DF-424D-8B1E-327BAD39EDE8}.Debug|x64.Build.0 = Debug|x64
		{06513B99-84DF-424D-8B1E-327BAD39EDE8}.Debug|x86.ActiveCfg = Debug|Win32
		{06513B99-84DF-424D-8B1E-327BAD39EDE8}.Debug|x86.Build.0 = Debug|Win32
		{06513B99-84DF-424D-8B1E-327BAD39EDE8}.Release|x64.ActiveCfg = Release|x64
		{06513B99-84DF-424D-8B1E-327BAD39EDE8}.Release|x64.Build.0 = Release|x64
		{06513B99-84DF-424D-8B1E-327BAD39EDE8}.Release|x86.ActiveCfg = Release|Win32
		{06513B99-84DF-424D-8B1E-327BAD39EDE8}.Release|x86.Build.0 = Release|Win32
		{06129C4A-7C66-485E-9FF6-4E13F2300F67}.Debug|x64.ActiveCfg = Debug|x64
		{06129C4A-7C66-485E-9FF6-4E13F2300F67}.Debug|x64.Build.0 = Debug|x64
		{06129C4A-7C66-485E-9FF6-4E13F2300F67}.Debug|x86.ActiveCfg = Debug|Win32
		{06129C4A-7C66-485E-9FF6-4E13F2300F67}.Debug|x86.Build.0 = Debug|Win32
		{06129C4A-7C66-485E-9FF6-4E13F2300F67}.Release|x64.ActiveCfg = Release|x64
		{06129C4A-7C66-485E-9FF6-4E13F2300F67}.Release|x64.Build.0 = Release|x64
		{06129C4A-7C66-485E-9FF6-4E13F2300F67}.Release|x86.ActiveCfg = Release|Win32
		{06129C4A-7C66-485E-9FF6-4E13F2300F67}.Release|x86.Build.0 = Release|Win32
		{003F6355-C94C-403F-8627-49F6720B21FB}.Debug|x64.ActiveCfg = Debug|x64
		{003F6355-C94C-403F-8627-49F6720B21FB}.Debug|x64.Build.0 = Debug|x64
		{003F6355-C94C-403F-8627-49F6720B21FB}.Debug|x86.ActiveCfg = Debug|Win32
		{003F6355-C94C-403F-8627-49F6720B21FB}.Debug|x86.Build.0 = Debug|Win32
		{003F6355-C94C-403F-8627-49F6720B21FB}.Release|x64.ActiveCfg = Release|x64
		{003F6355-C94C-403F-8627-49F6720B21FB}.Release|x64.Build.0 = Release|x64
		{003F6355-C94C-403F-8627-49F6720B21FB}.Release|x86.ActiveCfg = Release|Win32
		{003F6355-C94C-403F-8627-49F6720B21FB}.Release|x86.Build.0 = Release|Win32
		{81C45834-5228-4890-9981-1A74315A6F8F}.Debug|x64.ActiveCfg = Debug|x64
		{81C45834-5228-4890-9981-1A74315A6F8F}.Debug|x64.Build.0 = Debug|x64
		{81C45834-5228-4890-9981-1A74315A6F8F}.Debug|x86.ActiveCfg = Debug|Win32
		{81C45834-5228-4890-9981-1A74315A6F8F}.Debug|x86.Build.0 = Debug|Win32
		{81C45834-5228-4890-9981-1A74315A6F8F}.Release|x64.ActiveCfg = Release|x64
		{81C45834-5228-4890-9981-1A74315A6F8F}.Release|x64.Build.0 = Release|x64
		{81C45834-5228-4890-9981-1A74315A6F8F}.Release|x86.ActiveCfg = Release|Win32
		{81C45834-5228-4890-9981-1A74315A6F8F}.Release|x86.Build.0 = Release|Win32
		{42305588-A28C-40E0-AB21-F94B6EAF32AF}.Debug|x64.ActiveCfg = Debug|x64
		{42305588-A28C-40E0-AB21-F94B6EAF32AF}.Debug|x64.Build.0 = Debug|x64
		{42305588-A28C-40E0-AB21-F94B6EAF32AF}.Debug|x86.ActiveCfg = Debug|Win32
		{42305588-A28C-40E0-AB21-F94B6EAF32AF}.Debug|x86.Build.0 = Debug|Win32
		{42305588-A28C-40E0-AB21-F94B6EAF32AF}.Release|x64.ActiveCfg = Release|x64
		{42305588-A28C-40E0-AB21-F94B6EAF32AF}.Release|x64.Build.0 = Release|x64
		{42305588-A28C-40E0-AB21-F94B6EAF32AF}.Release|x86.ActiveCfg = Release|Win32
		{42305588-A28C-40E0-AB21-F94B6EAF32AF}.Release|x86.Build.0 = Release|Win32
		{486C5725-48E8-4509-AA41-C275DE548745}.Debug|x64.ActiveCfg = Debug|x64
		{486C5725-48E8-4509-AA41-C275DE548745}.Debug|x64.Build.0 = Debug|x64
		{486C5725-48E8-4509-AA41-C275DE548745}.Debug|x86.ActiveCfg = Debug|Win32
		{486C5725-48E8-4509-AA41-C275DE548745}.Debug|x86.Build.0 = Debug|Win32
		{486C5725-48E8-4509-AA41-C275DE548745}.Release|x64.ActiveCfg = Release|x64
		{486C5725-48E8-4509-AA41-C275DE548745}.Release|x64.Build.0 = Release|x64
		{486C5725-48E8-4509-AA41-C275DE548745}.Release|x86.ActiveCfg = Release|Win32
		{486C5725-48E8-4509-AA41-C275DE548745}.Release|x86.Build.0 = Release|Win32
		{8695593A-3355-4C7D-8041-DB523D28CF1C}.Debug|x64.ActiveCfg = Debug|x64
		{8695593A-3355-4C7D-8041-DB523D28CF1C}.Debug|x64.Build.0 = Debug|x64
		{8695593A-3355-4C7D-8041-DB523D28CF1C}.Debug|x86.ActiveCfg = Debug|Win32
		{8695593A-3355-4C7D-8041-DB523D28CF1C}.Debug|x86.Build.0 = Debug|Win32
		{8695593A-3355-4C7D-8041-DB523D28CF1C}.Release|x64.ActiveCfg = Release|x64
		{8695593A-3355-4C7D-8041-DB523D28CF1C}.Release|x64.Build.0 = Release|x64
		{8695593A-3355-4C7D-8041-DB523D28CF1C}.Release|x86.ActiveCfg = Release|Win32
		{8695593A-3355-4C7D-8041-DB523D28CF1C}.Release|x86.Build.0 = Release|Win32
		{D3A32FFB-9CED-47B8-83BD-BEE9775983D4}.Debug|x64.ActiveCfg = Debug|x64
		{D3A32FFB-9CED-47B8-83BD-BEE9775983D4}.Debug|x64.Build.0 = Debug|x64
		{D3A32FFB-9CED-47B8-83BD-BEE9775983D4}.Debug|x86.ActiveCfg = Debug|Win32
		{D3A32FFB-9CED-47B8-83BD-BEE9775983D4}.Debug|x86.Build.0 = Debug|Win32
		{D3A32FFB-9CED-47B8-83BD-BEE9775983D4}.Release|x64.ActiveCfg = Release|x64
		{D3A32FFB-9CED-47B8-83BD-BEE9775983D4}.Release|x64.Build.0 = Release|x64
		{D3A32FFB-9CED-47B8-83BD-BEE9775983D4}.Release|x86.ActiveCfg = Release|Win32
		{D3A32FFB-9CED-47B8-83BD-BEE9775983D4}.Release|x86.Build.0 = Release|Win32
		{56774755-A981-4874-BD84-729A9028C763}.Debug|x64.ActiveCfg = Debug|x64
		{56774755-A981-4874-BD84-729A9028C763}.Debug|x64.Build.0 = Debug|x64
		{56774755-A981-4874-BD84-729A9028C763}.Debug|x86.ActiveCfg = Debug|Win32
		{56774755-A981-4874-BD84-729A9028C763}.Debug|x86.Build.0 = Debug|Win32
		{56774755-A981-4874-BD84-729A9028C763}.Release|x64.ActiveCfg = Release|x64
		{56774755-A981-4874-BD84-729A9028C763}.Release|x64.Build.0 = Release|x64
		{56774755-A981-4874-BD84-729A9028C763}.Release|x86.ActiveCfg = Release|Win32
		{56774755-A981-4874-BD84-729A9028C763}.Release|x86.Build.0 = Release|Win32
		{BD52BE74-A0EB-4D21-A098-23DAEB873553}.Debug|x64.ActiveCfg = Debug|x64
		{BD52BE74-A0EB-4D21-A098-23DAEB873553}.Debug|x64.Build.0 = Debug|x64
		{BD52BE74-A0EB-4D21-A098-23DAEB873553}.Debug|x86.ActiveCfg = Debug|Win32
		{BD52BE74-A0EB-4D21-A098-23DAEB873553}.Debug|x86.Build.0 = Debug|Win32
		{BD52BE74-A0EB-4D21-A098-23DAEB873553}.Release|x64.ActiveCfg = Release|x64
		{BD52BE74-A0EB-4D21-A098-23DAEB873553}.Release|x64.Build.0 = Release|x64
		{BD52BE74-A0EB-4D21-A098-23DAEB873553}.Release|x86.ActiveCfg = Release|Win32
		{BD52BE74-A0EB-4D21-A098-23DAEB873553}.Release|x86.Build.0 = Release|Win32
		{1E9A61F4-378C-4037-A6A1-3B56E8044AF1}.Debug|x64.ActiveCfg = Debug|x64
		{1E9A61F4-378C-4037-A6A1-3B56E8044AF1}.Debug|x64.Build.0 = Debug|x64
		{1E9A61F4-378C-4037-A6A1-3B56E8044AF1}.Debug|x86.ActiveCfg = Debug|Win32
		{1E9A61F4-378C-4037-A6A1-3B56E8044AF1}.Debug|x86.Build.0 = Debug|Win32
		{1E9A61F4-378C-4037-A6A1-3B56E8044AF1}.Release|x64.ActiveCfg = Release|x64
		{1E9A61F4-378C-4037-A6A1-3B56E8044AF1}.Release|x64.Build.0 = Release|x64
		{1E9A61F4-378C-4037-A6A1-3B56E8044AF1}.Release|x86.ActiveCfg = Release|Win32
		{1E9A61F4-378C-4037-A6A1-3B56E8044AF1}.Release|x86.Build.0 = Release|Win32
		{4FAAE90F-D7C0-449A-9516-B93EE648609C}.Debug|x64.ActiveCfg = Debug|x64
		{4FAAE90F-D7C0-449A-9516-B93EE648609C}.Debug|x64.Build.0 = Debug|x64
		{4FAAE90F-D7C0-449A-9516-B93EE648609C}.Debug|x86.ActiveCfg = Debug|Win32
		{4FAAE90F-D7C0-449A-9516-B93EE648609C}.Debug|x86.Build.0 = Debug|Win32
		{4FAAE90F-D7C0-449A-9516-B93EE648609C}.Release|x64.ActiveCfg = Release|x64
		{4FAAE90F-D7C0-449A-9516-B93EE648609C}.Release|x64.Build.0 = Release|x64
		{4FAAE90F-D7C0-449A-9516-B93EE648609C}.Release|x86.ActiveCfg = Release|Win32
		{4FAAE90F-D7C0-449A-9516-B93EE648609C}.Release|x86.Build.0 = Release|Win32
		{1CE82D69-2697-47A9-AA27-FB6B242821C8}.Debug|x64.ActiveCfg = Debug|x64
		{1CE82D69-2697-47A9-AA27-FB6B242821C8}.Debug|x64.Build.0 = Debug|x64
		{1CE82D69-2697-47A9-AA27-FB6B242821C8}.Debug|x86.ActiveCfg = Debug|Win32
		{1CE82D69-2697-47A9-AA27-FB6B242821C8}.Debug|x86.Build.0 = Debug|Win32
		{1CE82D69-2697-47A9-AA27-FB6B242821C8}.Release|x64.ActiveCfg = Release|x64
		{1CE82D69-2697-47A9-AA27-FB6B242821C8}.Release|x64.Build.0 = Release|x64
		{1CE82D69-2697-47A9-AA27-FB6B242821C8}.Release|x86.ActiveCfg = Release|Win32
		{1CE82D69-2697-47A9-AA27-FB6B242821C8}.Release|x86.Build.0 = Release|Win32
		{480D3224-66AD-4F48-B704-7B8599A2A59C}.Debug|x64.ActiveCfg = Debug|x64
		{480D3224-66AD-4F48-B704-7B8599A2A59C}.Debug|x64.Build.0 = Debug|x64
		{480D3224-66AD-4F48-B704-7B8599A2A59C}.Debug|x86.ActiveCfg = Debug|Win32
		{480D3224-66AD-4F48-B704-7B8599A2A59C}.Debug|x86.Build.0 = Debug|Win32
		{480D3224-66AD-4F48-B704-7B8599A2A59C}.Release|x64.ActiveCfg = Release|x64
		{480D3224-66AD-4F48-B704-7B8599A2A59C}.Release|x64.Build.0 = Release|x64
		{480D3224-66AD-4F48-B704-7B8599A2A59C}.Release|x86.ActiveCfg = Release|Win32
		{480D3224-66AD-4F48-B704-7B8599A2A59C}.Release|x86.Build.0 = Release|Win32
		{77D476AC-31C2-42B9-A008-7E62D957D26E}.Debug|x64.ActiveCfg = Debug|x64
		{77D476AC-31C2-42B9-A008-7E62D957D26E}.Debug|x64.Build.0 = Debug|x64
		{77D476AC-31C2-42B9-A008-7E62D957D26E}.Debug|x86.ActiveCfg = Debug|Win32
		{77D476AC-31C2-42B9-A008-7E62D957D26E}.Debug|x86.Build.0 = Debug|Win32
		{77D476AC-31C2-42B9-A008-7E62D957D26E}.Release|x64.ActiveCfg = Release|x64
		{77D476AC-31C2-42B9-A008-7E62D957D26E}.Release|x64.Build.0 = Release|x64
		{77D476AC-31C2-42B9-A008-7E62D957D26E}.Release|x86.ActiveCfg = Release|Win32
		{77D476AC-31C2-42B9-A008-7E62D957D26E}.Release|x86.Build.0 = Release|Win32
		{82FDEEB7-FBC6-4A81-97C6-362A6AF8CC75}.Debug|x64.ActiveCfg = Debug|x64
		{82FDEEB7-FBC6-4A81-97C6-362A6AF8CC75}.Debug|x64.Build.0 = Debug|x64
		{82FDEEB7-FBC6-4A81-97C6-362A6AF8CC75}.Debug|x86.ActiveCfg = Debug|Win32
		{82FDEEB7-FBC6-4A81-97C6-362A6AF8CC75}.Debug|x86.Build.0 = Debug|Win32
		{82FDEEB7-FBC6-4A81-97C6-362A6AF8CC75}.Release|x64.ActiveCfg = Release|x64
		{82FDEEB7-FBC6-4A81-97C6-362A6AF8CC75}.Release|x64.Build.0 = Release|x64
		{82FDEEB7-FBC6-4A81-97C6-362A6AF8CC75}.Release|x86.ActiveCfg = Release|Win32
		{82FDEEB7-FBC6-4A81-97C6-362A6AF8CC75}.Release|x86.Build.0 = Release|Win32
		{CF4A06AC-361F-4619-A736-61FC50454A02}.Debug|x64.ActiveCfg = Debug|x64
		{CF4A06AC-361F-4619-A736-61FC50454A02}.Debug|x64.Build.0 = Debug|x64
		{CF4A06AC-361F-4619-A736-61FC50454A02}.Debug|x86.ActiveCfg = Debug|Win32
		{CF4A06AC-361F-4619-A736-61FC50454A02}.Debug|x86.Build.0 = Debug|Win32
		{CF4A06AC-361F-4619-A736-61FC50454A02}.Release|x64.ActiveCfg = Release|x64
		{CF4A06AC-361F-4619-A736-61FC50454A02}.Release|x64.Build.0 = Release|x64
		{CF4A06AC-361F-4619-A736-61FC50454A02}.Release|x86.ActiveCfg = Release|Win32
		{CF4A06AC-361F-4619-A736-61FC50454A02}.Release|x86.Build.0 = Release|Win32
		{6B278E6F-BD10-4E34-A9CA-74761B6BF9EF}.Debug|x64.ActiveCfg = Debug|x64
		{6B278E6F-BD10-4E34-A9CA-74761B6BF9EF}.Debug|x64.Build.0 = Debug|x64
		{6B278E6F-BD10-4E34-A9CA-74761B6BF9EF}.Debug|x86.ActiveCfg = Debug|Win32
		{6B278E6F-BD10-4E34-A9CA-74761B6BF9EF}.Debug|x86.Build.0 = Debug|Win32
		{6B278E6F-BD10-4E34-A9CA-74761B6BF9EF}.Release|x64.ActiveCfg = Release|x64
		{6B278E6F-BD10-4E34-A9CA-74761B6BF9EF}.Release|x64.Build.0 = Release|x64
		{6B278E6F-BD10-4E34-A9CA-74761B6BF9EF}.Release|x86.ActiveCfg = Release|Win32
		{6B278E6F-BD10-4E34-A9CA-74761B6BF9EF}.Release|x86.Build.0 = Release|Win32
		{35E1C215-7FEC-4465-8258-C543A2C496F3}.Debug|x64.ActiveCfg = Debug|x64
		{35E1C215-7FEC-4465-8258-C543A2C496F3}.Debug|x64.Build.0 = Debug|x64
		{35E1C215-7FEC-4465-8258-C543A2C496F3}.Debug|x86.ActiveCfg = Debug|Win32
		{35E1C215-7FEC-4465-8258-C543A2C496F3}.Debug|x86.Build.0 = Debug|Win32
		{35E1C215-7FEC-4465-8258-C543A2C496F3}.Release|x64.ActiveCfg = Release|x64
		{35E1C215-7FEC-4465-8258-C543A2C496F3}.Release|x64.Build.0 = Release|x64
		{35E1C215-7FEC-4465-8258-C543A2C496F3}.Release|x86.ActiveCfg = Release|Win32
		{35E1C215-7FEC-4465-8258-C543A2C496F3}.Release|x86.Build.0 = Release|Win32
		{D62DC7B9-E02B-430E-A721-5E240C7BDDDC}.Debug|x64.ActiveCfg = Debug|x64
		{D62DC7B9-E02B-430E-A721-5E240C7BDDDC}.Debug|x64.Build.0 = Debug|x64
		{D62DC7B9-E02B-430E-A721-5E240C7BDDDC}.Debug|x86.ActiveCfg = Debug|Win32
		{D62DC7B9-E02B-430E-A721-5E240C7BDDDC}.Debug|x86.Build.0 = Debug|Win32
		{D62DC7B9-E02B-430E-A721-5E240C7BDDDC}.Release|x64.ActiveCfg = Release|x64
		{D62DC7B9-E02B-430E-A721-5E240C7BDDDC}.Release|x64.Build.0 = Release|x64
		{D62DC7B9-E02B-430E-A721-5E240C7BDDDC}.Release|x86.ActiveCfg = Release|Win32
		{D62DC7B9-E02B-430E-A721-5E240C7BDDDC}.Release|x86.Build.0 = Release|Win32
		{FF46E34F-70D7-4544-96A1-F98C4C59CDE4}.Debug|x64.ActiveCfg = Debug|x64
		{FF46E34F-70D7-4544-96A1-F98C4C59CDE4}.Debug|x64.Build.0 = Debug|x64
		{FF46E34F-70D7-4544-96A1-F98C4C59CDE4}.Debug|x86.ActiveCfg = Debug|Win32
		{FF46E34F-70D7-4544-96A1-F98C4C59CDE4}.Debug|x86.Build.0 = Debug|Win32
		{FF46E34F-70D7-4544-96A1-F98C4C59CDE4}.Release|x64.ActiveCfg = Release|x64
		{FF46E34F-70D7-4544-96A1-F98C4C59CDE4}.Release|x64.Build.0 = Release|x64
		{FF46E34F-70D7-4544-96A1-F98C4C59CDE4}.Release|x86.ActiveCfg = Release|Win32
		{FF46E34F-70D7-4544-96A1-F98C4C59CDE4}.Release|x86.Build.0 = Release|Win32
		{28782674-BE70-4AC7-BE8E-5AB25DDE238D}.Debug|x64.ActiveCfg = Debug|x64
		{28782674-BE70-4AC7-BE8E-5AB25DDE238D}.Debug|x64.Build.0 = Debug|x64
		{28782674-BE70-4AC7-BE8E-5AB25DDE238D}.Debug|x86.ActiveCfg = Debug|Win32
		{28782674-BE70-4AC7-BE8E-5AB25DDE238D}.Debug|x86.Build.0 = Debug|Win32
		{28782674-BE70-4AC7-BE8E-5AB25DDE238D}.Release|x64.ActiveCfg = Release|x64
		{28782674-BE70-4AC7-BE8E-5AB25DDE238D}.Release|x64.Build.0 = Release|x64
		{28782674-BE70-4AC7-BE8E-5AB25DDE238D}.Release|x86.ActiveCfg = Release|Win32
		{28782674-BE70-4AC7-BE8E-5AB25DDE238D}.Release|x86.Build.0 = Release|Win32
		{9F598852-F6AE-4903-8476-AAEF6CA6F5DA}.Debug|x64.ActiveCfg = Debug|x64
		{9F598852-F6AE-4903-8476-AAEF6CA6F5DA}.Debug|x64.Build.0 = Debug|x64
		{9F598852-F6AE-4903-8476-AAEF6CA6F5DA}.Debug|x86.ActiveCfg = Debug|Win32
		{9F598852-F6AE-4903-8476-AAEF6CA6F5DA}.Debug|x86.Build.0 = Debug|Win32
		{9F598852-F6AE-4903-8476-AAEF6CA6F5DA}.Release|x64.ActiveCfg = Release|x64
		{9F598852-F6AE-4903-8476-AAEF6CA6F5DA}.Release|x64.Build.0 = Release|x64
		{9F598852-F6AE-4903-8476-AAEF6CA6F5DA}.Release|x86.ActiveCfg = Release|Win32
		{9F598852-F6AE-4903-8476-AAEF6CA6F5DA}.Release|x86.Build.0 = Release|Win32
		{3607689D-D495-4A10-BC5F-C63772D15CB2}.Debug|x64.ActiveCfg = Debug|x64
		{3607689D-D495-4A10-BC5F-C63772D15CB2}.Debug|x64.Build.0 = Debug|x64
		{3607689D-D495-4A10-BC5F-C63772D15CB2}.Debug|x86.ActiveCfg = Debug|Win32
		{3607689D-D495-4A10-BC5F-C63772D15CB2}.Debug|x86.Build.0 = Debug|Win32
		{3607689D-D495-4A10-BC5F-C63772D15CB2}.Release|x64.ActiveCfg = Release|x64
		{3607689D-D495-4A10-BC5F-C63772D15CB2}.Release|x64.Build.0 = Release|x64
		{3607689D-D495-4A10-BC5F-C63772D15CB2}.Release|x86.ActiveCfg = Release|Win32
		{3607689D-D495-4A10-BC5F-C63772D15CB2}.Release|x86.Build.0 = Release|Win32
		{54E50A5E-B13D-4F53-823E-3C5475E96232}.Debug|x64.ActiveCfg = Debug|x64
		{54E50A5E-B13D-4F53-823E-3C5475E96232}.Debug|x64.Build.0 = Debug|x64
		{54E50A5E-B13D-4F53-823E-3C5475E96232}.Debug|x86.ActiveCfg = Debug|Win32
		{54E50A5E-B13D-4F53-823E-3C5475E96232}.Debug|x86.Build.0 = Debug|Win32
		{54E50A5E-B13D-4F53-823E-3C5475E96232}.Release|x64.ActiveCfg = Release|x64
		{54E50A5E-B13D-4F53-823E-3C5475E96232}.Release|x64.Build.0 = Release|x64
		{54E50A5E-B13D-4F53-823E-3C5475E96232}.Release|x86.ActiveCfg = Release|Win32
		{54E50A5E-B13D-4F53-823E-3C5475E96232}.Release|x86.Build.0 = Release|Win32
		{8720177C-EC08-4381-97A3-9008D42BF28D}.Debug|x64.ActiveCfg = Debug|x64
		{8720177C-EC08-4381-97A3-9008D42BF28D}.Debug|x64.Build.0 = Debug|x64
		{8720177C-EC08-4381-97A3-9008D42BF28D}.Debug|x86.ActiveCfg = Debug|Win32
		{8720177C-EC08-4381-97A3-9008D42BF28D}.Debug|x86.Build.0 = Debug|Win32
		{8720177C-EC08-4381-97A3-9008D42BF28D}.Release|x64.ActiveCfg = Release|x64
		{8720177C-EC08-4381-97A3-9008D42BF28D}.Release|x64.Build.0 = Release|x64
		{8720177C-EC08-4381-97A3-9008D42BF28D}.Release|x86.ActiveCfg = Release|Win32
		{8720177C-EC08-4381-97A3-9008D42BF28D}.Release|x86.Build.0 = Release|Win32
		{BF207AF0-5400-445D-B2EE-3AA87BA1C93E}.Debug|x64.ActiveCfg = Debug|x64
		{BF207AF0-5400-445D-B2EE-3AA87BA1C93E}.Debug|x64.Build.0 = Debug|x64
		{BF207AF0-5400-445D-B2EE-3AA87BA1C93E}.Debug|x86.ActiveCfg = Debug|Win32
		{BF207AF0-5400-445D-B2EE-3AA87BA1C93E}.Debug|x86.Build.0 = Debug|Win32
		{BF207AF0-5400-445D-B2EE-3AA87BA1C93E}.Release|x64.ActiveCfg = Release|x64
		{BF207AF0-5400-445D-B2EE-3AA87BA1C93E}.Release|x64.Build.0 = Release|x64
		{BF207AF0-5400-445D-B2EE-3AA87BA1C93E}.Release|x86.ActiveCfg = Release|Win32
		{BF207AF0-5400-445D-B2EE-3AA87BA1C93E}.Release|x86.Build.0 = Release|Win32
		{236E502A-53CC-45BF-9C71-44311C379C8B}.Debug|x64.ActiveCfg = Debug|x64
		{236E502A-53CC-45BF-9C71-44311C379C8B}.Debug|x64.Build.0 = Debug|x64
		{236E502A-53CC-45BF-9C71-44311C379C8B}.Debug|x86.ActiveCfg = Debug|Win32
		{236E502A-53CC-45BF-9C71-44311C379C8B}.Debug|x86.Build.0 = Debug|Win32
		{236E502A-53CC-45BF-9C71-44311C379C8B}.Release|x64.ActiveCfg = Release|x64
		{236E502A-53CC-45BF-9C71-44311C379C8B}.Release|x64.Build.0 = Release|x64
		{236E502A-53CC-45BF-9C71-44311C379C8B}.Release|x86.ActiveCfg = Release|Win32
		{236E502A-53CC-45BF-9C71-44311C379C8B}.Release|x86.Build.0 = Release|Win32
		{8EBD63AB-B892-4CB1-916F-E997D926E787}.Debug|x64.ActiveCfg = Debug|x64
		{8EBD63AB-B892-4CB1-916F-E997D926E787}.Debug|x64.Build.0 = Debug|x64
		{8EBD63AB-B892-4CB1-916F-E997D926E787}.Debug|x86.ActiveCfg = Debug|Win32
		{8EBD63AB-B892-4CB1-916F-E997D926E787}.Debug|x86.Build.0 = Debug|Win32
		{8EBD63AB-B892-4CB1-916F-E997D926E787}.Release|x64.ActiveCfg = Release|x64
		{8EBD63AB-B892-4CB1-916F-E997D926E787}.Release|x64.Build.0 = Release|x64
		{8EBD63AB-B892-4CB1-916F-E997D926E787}.Release|x86.ActiveCfg = Release|Win32
		{8EBD63AB-B892-4CB1-916F-E997D926E787}.Release|x86.Build.0 = Release|Win32
		{C3639F0B-EC16-4B46-9BF5-E3B9D72828EB}.Debug|x64.ActiveCfg = Debug|x64
		{C3639F0B-EC16-4B46-9BF5-E3B9D72828EB}.Debug|x64.Build.0 = Debug|x64
		{C3639F0B-EC16-4B46-9BF5-E3B9D72828EB}.Debug|x86.ActiveCfg = Debug|Win32
		{C3639F0B-EC16-4B46-9BF5-E3B9D72828EB}.Debug|x86.Build.0 = Debug|Win32
		{C3639F0B-EC16-4B46-9BF5-E3B9D72828EB}.Release|x64.ActiveCfg = Release|x64
		{C3639F0B-EC16-4B46-9BF5-E3B9D72828EB}.Release|x64.Build.0 = Release|x64
		{C3639F0B-EC16-4B46-9BF5-E3B9D72828EB}.Release|x86.ActiveCfg = Release|Win32
		{C3639F0B-EC16-4B46-9BF5-E3B9D72828EB}.Release|x86.Build.0 = Release|Win32
		{BA4E7B99-A06C-4DA0-928A-4A105BC876BD}.Debug|x64.ActiveCfg = Debug|x64
		{BA4E7B99-A06C-4DA0-928A-4A105BC876BD}.Debug|x64.Build.0 = Debug|x64
		{BA4E7B99-A06C-4DA0-928A-4A105BC876BD}.Debug|x86.ActiveCfg = Debug|Win32
		{BA4E7B99-A06C-4DA0-928A-4A105BC876BD}.Debug|x86.Build.0 = Debug|Win32
		{BA4E7B99-A06C-4DA0-928A-4A105BC876BD}.Release|x64.ActiveCfg = Release|x64
		{BA4E7B99-A06C-4DA0-928A-4A105BC876BD}.Release|x64.Build.0 = Release|x64
		{BA4E7B99-A06C-4DA0-928A-4A105BC876BD}.Release|x86.ActiveCfg = Release|Win32
		{BA4E7B99-A06C-4DA0-928A-4A105BC876BD}.Release|x86.Build.0 = Release|Win32
		{7A22B6C8-708D-42DE-A07E-4CBCD8779B3D}.Debug|x64.ActiveCfg = Debug|x64
		{7A22B6C8-708D-42DE-A07E-4CBCD8779B3D}.Debug|x64.Build.0 = Debug|x64
		{7A22B6C8-708D-42DE-A07E-4CBCD8779B3D}.Debug|x86.ActiveCfg = Debug|Win32
		{7A22B6C8-708D-42DE-A07E-4CBCD8779B3D}.Debug|x86.Build.0 = Debug|Win32
		{7A22B6C8-708D-42DE-A07E-4CBCD8779B3D}.Release|x64.ActiveCfg = Release|x64
		{7A22B6C8-708D-42DE-A07E-4CBCD8779B3D}.Release|x64.Build.0 = Release|x64
		{7A22B6C8-708D-42DE-A07E-4CBCD8779B3D}.Release|x86.ActiveCfg = Release|Win32
		{7A22B6C8-708D-42DE-A07E-4CBCD8779B3D}.Release|x86.Build.0 = Release|Win32
		{1E14C590-7543-462B-AA62-868A95588181}.Debug|x64.ActiveCfg = Debug|x64
		{1E14C590-7543-462B-AA62-868A95588181}.Debug|x64.Build.0 = Debug|x64
		{1E14C590-7543-462B-AA62-868A95588181}.Debug|x86.ActiveCfg = Debug|Win32
		{1E14C590-7543-462B-AA62-868A95588181}.Debug|x86.Build.0 = Debug|Win32
		{1E14C590-7543-462B-AA62-868A95588181}.Release|x64.ActiveCfg = Release|x64
		{1E14C590-7543-462B-AA62-868A95588181}.Release|x64.Build.0 = Release|x64
		{1E14C590-7543-462B-AA62-868A95588181}.Release|x86.ActiveCfg = Release|Win32
		{1E14C590-7543-462B-AA62-868A95588181}.Release|x86.Build.0 = Release|Win32
		{70ED6260-8EA8-4090-9189-DBBFB626D3CC}.Debug|x64.ActiveCfg = Debug|x64
		{70ED6260-8EA8-4090-9189-DBBFB626D3CC}.Debug|x64.Build.0 = Debug|x64
		{70ED6260-8EA8-4090-9189-DBBFB626D3CC}.Debug|x86.ActiveCfg = Debug|Win32
		{70ED6260-8EA8-4090-9189-DBBFB626D3CC}.Debug|x86.Build.0 = Debug|Win32
		{70ED6260-8EA8-4090-9189-DBBFB626D3CC}.Release|x64.ActiveCfg = Release|x64
		{70ED6260-8EA8-4090-9189-DBBFB626D3CC}.Release|x64.Build.0 = Release|x64
		{70ED6260-8EA8-4090-9189-DBBFB626D3CC}.Release|x86.ActiveCfg = Release|Win32
		{70ED6260-8EA8-4090-9189-DBBFB626D3CC}.Release|x86.Build.0 = Release|Win32
		{5FAE97C1-3400-4CED-8089-98AE64899C9F}.Debug|x64.ActiveCfg = Debug|x64
		{5FAE97C1-3400-4CED-8089-98AE64899C9F}.Debug|x64.Build.0 = Debug|x64
		{5FAE97C1-3400-4CED-8089-98AE64899C9F}.Debug|x86.ActiveCfg = Debug|Win32
		{5FAE97C1-3400-4CED-8089-98AE64899C9F}.Debug|x86.Build.0 = Debug|Win32
		{5FAE97C1-3400-4CED-8089-98AE64899C9F}.Release|x64.ActiveCfg = Release|x64
		{5FAE97C1-3400-4CED-8089-98AE64899C9F}.Release|x64.Build.0 = Release|x64
		{5FAE97C1-3400-4CED-8089-98AE64899C9F}.Release|x86.ActiveCfg = Release|Win32
		{5FAE97C1-3400-4CED-8089-98AE64899C9F}.Release|x86.Build.0 = Release|Win32
		{790CA8FF-3B39-42B2-A114-5CA45A0FDF8F}.Debug|x64.ActiveCfg = Debug|x64
		{790CA8FF-3B39-42B2-A114-5CA45A0FDF8F}.Debug|x64.Build.0 = Debug|x64
		{790CA8FF-3B39-42B2-A114-5CA45A0FDF8F}.Debug|x86.ActiveCfg = Debug|Win32
		{790CA8FF-3B39-42B2-A114-5CA45A0FDF8F}.Debug|x86.Build.0 = Debug|Win32
		{790CA8FF-3B39-42B2-A114-5CA45A0FDF8F}.Release|x64.ActiveCfg = Release|x64
		{790CA8FF-3B39-42B2-A114-5CA45A0FDF8F}.Release|x64.Build.0 = Release|x64
		{790CA8FF-3B39-42B2-A114-5CA45A0FDF8F}.Release|x86.ActiveCfg = Release|Win32
		{790CA8FF-3B39-42B2-A114-5CA45A0FDF8F}.Release|x86.Build.0 = Release|Win32
		{E77FAD46-E4A7-4290-8465-FB03E4E429A6}.Debug|x64.ActiveCfg = Debug|x64
		{E77FAD46-E4A7-4290-8465-FB03E4E429A6}.Debug|x64.Build.0 = Debug|x64
		{E77FAD46-E4A7-4290-8465-FB03E4E429A6}.Debug|x86.ActiveCfg = Debug|Win32
		{E77FAD46-E4A7-4290-8465-FB03E4E429A6}.Debug|x86.Build.0 = Debug|Win32
		{E77FAD46-E4A7-4290-8465-FB03E4E429A6}.Release|x64.ActiveCfg = Release|x64
		{E77FAD46-E4A7-4290-8465-FB03E4E429A6}.Release|x64.Build.0 = Release|x64
		{E77FAD46-E4A7-4290-8465-FB03E4E429A6}.Release|x86.ActiveCfg = Release|Win32
		{E77FAD46-E4A7-4290-8465-FB03E4E429A6}.Release|x86.Build.0 = Release|Win32
		{B8CB3C60-122E-40A2-85DD-29D3CE9B13F4}.Debug|x64.ActiveCfg = Debug|x64
		{B8CB3C60-122E-40A2-85DD-29D3CE9B13F4}.Debug|x64.Build.0 = Debug|x64
		{B8CB3C60-122E-40A2-85DD-29D3CE9B13F4}.Debug|x86.ActiveCfg = Debug|Win32
		{B8CB3C60-122E-40A2-85DD-29D3CE9B13F4}.Debug|x86.Build.0 = Debug|Win32
		{B8CB3C60-122E-40A2-85DD-29D3CE9B13F4}.Release|x64.ActiveCfg = Release|x64
		{B8CB3C60-122E-40A2-85DD-29D3CE9B13F4}.Release|x64.Build.0 = Release|x64
		{B8CB3C60-122E-40A2-85DD-29D3CE9B13F4}.Release|x86.ActiveCfg = Release|Win32
		{B8CB3C60-122E-40A2-85DD-29D3CE9B13F4}.Release|x86.Build.0 = Release|Win32
		{1AA5BB7B-8F6D-4F79-84FB-AC99FD07D3AD}.Debug|x64.ActiveCfg = Debug|x64
		{1AA5BB7B-8F6D-4F79-84FB-AC99FD07D3AD}.Debug|x64.Build.0 = Debug|x64
		{1AA5BB7B-8F6D-4F79-84FB-AC99FD07D3AD}.Debug|x86.ActiveCfg = Debug|Win32
		{1AA5BB7B-8F6D-4F79-84FB-AC99FD07D3AD}.Debug|x86.Build.0 = Debug|Win32
		{1AA5BB7B-8F6D-4F79-84FB-AC99FD07D3AD}.Release|x64.ActiveCfg = Release|x64
		{1AA5BB7B-8F6D-4F79-84FB-AC99FD07D3AD}.Release|x64.Build.0 = Release|x64
		{1AA5BB7B-8F6D-4F79-84FB-AC99FD07D3AD}.Release|x86.ActiveCfg = Release|Win32
		{1AA5BB7B-8F6D-4F79-84FB-AC99FD07D3AD}.Release|x86.Build.0 = Release|Win32
		{D736B316-BD25-4FE5-A5C1-9C2D8BB9712A}.Debug|x64.ActiveCfg = Debug|x64
		{D736B316-BD25-4FE5-A5C1-9C2D8BB9712A}.Debug|x64.Build.0 = Debug|x64
		{D736B316-BD25-4FE5-A5C1-9C2D8BB9712A}.Debug|x86.ActiveCfg = Debug|Win32
		{D736B316-BD25-4FE5-A5C1-9C2D8BB9712A}.Debug|x86.Build.0 = Debug|Win32
		{D736B316-BD25-4FE5-A5C1-9C2D8BB9712A}.Release|x64.ActiveCfg = Release|x64
		{D736B316-BD25-4FE5-A5C1-9C2D8BB9712A}.Release|x64.Build.0 = Release|x64
		{D736B316-BD25-4FE5-A5C1-9C2D8BB9712A}.Release|x86.ActiveCfg = Release|Win32
		{D736B316-BD25-4FE5-A5C1-9C2D8BB9712A}.Release|x86.Build.0 = Release|Win32
		{B054BC1A-93BD-4DC6-AE31-AF3B3106C8F8}.Debug|x64.ActiveCfg = Debug|x64
		{B054BC1A-93BD-4DC6-AE31-AF3B3106C8F8}.Debug|x64.Build.0 = Debug|x64
		{B054BC1A-93BD-4DC6-AE31-AF3B3106C8F8}.Debug|x86.ActiveCfg = Debug|Win32
		{B054BC1A-93BD-4DC6-AE31-AF3B3106C8F8}.Debug|x86.Build.0 = Debug|Win32
		{B054BC1A-93BD-4DC6-AE31-AF3B3106C8F8}.Release|x64.ActiveCfg = Release|x64
		{B054BC1A-93BD-4DC6-AE31-AF3B3106C8F8}.Release|x64.Build.0 = Release|x64
		{B054BC1A-93BD-4DC6-AE31-AF3B3106C8F8}.Release|x86.ActiveCfg = Release|Win32
		{B054BC1A-93BD-4DC6-AE31-AF3B3106C8F8}.Release|x86.Build.0 = Release|Win32
		{8CD44520-7726-46CA-BFF3-15E218C6B4A6}.Debug|x64.ActiveCfg = Debug|x64
		{8CD44520-7726-46CA-BFF3-15E218C6B4A6}.Debug|x64.Build.0 = Debug|x64
		{8CD44520-7726-46CA-BFF3-15E218C6B4A6}.Debug|x86.ActiveCfg = Debug|Win32
		{8CD44520-7726-46CA-BFF3-15E218C6B4A6}.Debug|x86.Build.0 = Debug|Win32
		{8CD44520-7726-46CA-BFF3-15E218C6B4A6}.Release|x64.ActiveCfg = Release|x64
		{8CD44520-7726-46CA-BFF3-15E218C6B4A6}.Release|x64.Build.0 = Release|x64
		{8CD44520-7726-46CA-BFF3-15E218C6B4A6}.Release|x86.ActiveCfg = Release|Win32
		{8CD44520-7726-46CA-BFF3-15E218C6B4A6}.Release|x86.Build.0 = Release|Win32
		{10728EF1-34EE-4B7D-B936-4076480ABB1F}.Debug|x64.ActiveCfg = Debug|x64
		{10728EF1-34EE-4B7D-B936-4076480ABB1F}.Debug|x64.Build.0 = Debug|x64
		{10728EF1-34EE-4B7D-B936-4076480ABB1F}.Debug|x86.ActiveCfg = Debug|Win32
		{10728EF1-34EE-4B7D-B936-4076480ABB1F}.Debug|x86.Build.0 = Debug|Win32
		{10728EF1-34EE-4B7D-B936-4076480ABB1F}.Release|x64.ActiveCfg = Release|x64
		{10728EF1-34EE-4B7D-B936-4076480ABB1F}.Release|x64.Build.0 = Release|x64
		{10728EF1-34EE-4B7D-B936-4076480ABB1F}.Release|x86.ActiveCfg = Release|Win32
		{10728EF1-34EE-4B7D-B936-4076480ABB1F}.Release|x86.Build.0 = Release|Win32
		{9973DA5A-7E13-4DDA-94BC-839067AE02C0}.Debug|x64.ActiveCfg = Debug|x64
		{9973DA5A-7E13-4DDA-94BC-839067AE02C0}.Debug|x64.Build.0 = Debug|x64
		{9973DA5A-7E13-4DDA-94BC-839067AE02C0}.Debug|x86.ActiveCfg = Debug|Win32
		{9973DA5A-7E13-4DDA-94BC-839067AE02C0}.Debug|x86.Build.0 = Debug|Win32
		{9973DA5A-7E13-4DDA-94BC-839067AE02C0}.Release|x64.ActiveCfg = Release|x64
		{9973DA5A-7E13-4DDA-94BC-839067AE02C0}.Release|x64.Build.0 = Release|x64
		{9973DA5A-7E13-4DDA-94BC-839067AE02C0}.Release|x86.ActiveCfg = Release|Win32
		{9973DA5A-7E13-4DDA-94BC-839067AE02C0}.Release|x86.Build.0 = Release|Win32
		{2B201033-BEAA-44A6-AE02-673E686B16FB}.Debug|x64.ActiveCfg = Debug|x64
		{2B201033-BEAA-44A6-AE02-673E686B16FB}.Debug|x64.Build.0 = Debug|x64
		{2B201033-BEAA-44A6-AE02-673E686B16FB}.Debug|x86.ActiveCfg = Debug|Win32
		{2B201033-BEAA-44A6-AE02-673E686B16FB}.Debug|x86.Build.0 = Debug|Win32
		{2B201033-BEAA-44A6-AE02-673E686B16FB}.Release|x64.ActiveCfg = Release|x64
		{2B201033-BEAA-44A6-AE02-673E686B16FB}.Release|x64.Build.0 = Release|x64
		{2B201033-BEAA-44A6-AE02-673E686B16FB}.Release|x86.ActiveCfg = Release|Win32
		{2B201033-BEAA-44A6-AE02-673E686B16FB}.Release|x86.Build.0 = Release|Win32
		{49B170D5-8073-4D77-B006-6D48B3F87C64}.Debug|x64.ActiveCfg = Debug|x64
		{49B170D5-8073-4D77-B006-6D48B3F87C64}.Debug|x64.Build.0 = Debug|x64
		{49B170D5-8073-4D77-B006-6D48B3F87C64}.Debug|x86.ActiveCfg = Debug|Win32
		{49B170D5-8073-4D77-B006-6D48B3F87C64}.Debug|x86.Build.0 = Debug|Win32
		{49B170D5-8073-4D77-B006-6D48B3F87C64}.Release|x64.ActiveCfg = Release|x64
		{49B170D5-8073-4D77-B006-6D48B3F87C64}.Release|x64.Build.0 = Release|x64
		{49B170D5-8073-4D77-B006-6D48B3F87C64}.Release|x86.ActiveCfg = Release|Win32
		{49B170D5-8073-4D77-B006-6D48B3F87C64}.Release|x86.Build.0 = Release|Win32
		{1316D994-0C7F-4A8B-A3B4-A8306B755945}.Debug|x64.ActiveCfg = Debug|x64
		{1316D994-0C7F-4A8B-A3B4-A8306B755945}.Debug|x64.Build.0 = Debug|x64
		{1316D994-0C7F-4A8B-A3B4-A8306B755945}.Debug|x86.ActiveCfg = Debug|Win32
		{1316D994-0C7F-4A8B-A3B4-A8306B755945}.Debug|x86.Build.0 = Debug|Win32
		{1316D994-0C7F-4A8B-A3B4-A8306B755945}.Release|x64.ActiveCfg = Release|x64
		{1316D994-0C7F-4A8B-A3B4-A8306B755945}.Release|x64.Build.0 = Release|x64
		{1316D994-0C7F-4A8B-A3B4-A8306B755945}.Release|x86.ActiveCfg = Release|Win32
		{1316D994-0C7F-4A8B-A3B4-A8306B755945}.Release|x86.Build.0 = Release|Win32
		{8B226915-14B8-4FC9-B805-68C2B94A13F6}.Debug|x64.ActiveCfg = Debug|x64
		{8B226915-14B8-4FC9-B805-68C2B94A13F6}.Debug|x64.Build.0 = Debug|x64
		{8B226915-14B8-4FC9-B805-68C2B94A13F6}.Debug|x86.ActiveCfg = Debug|Win32
		{8B226915-14B8-4FC9-B805-68C2B94A13F6}.Debug|x86.Build.0 = Debug|Win32
		{8B226915-14B8-4FC9-B805-68C2B94A13F6}.Release|x64.ActiveCfg = Release|x64
		{8B226915-14B8-4FC9-B805-68C2B94A13F6}.Release|x64.Build.0 = Release|x64
		{8B226915-14B8-4FC9-B805-68C2B94A13F6}.Release|x86.ActiveCfg = Release|Win32
		{8B226915-14B8-4FC9-B805-68C2B94A13F6}.Release|x86.Build.0 = Release|Win32
		{60D7971E-308D-424B-82B5-7CEDF6DDF757}.Debug|x64.ActiveCfg = Debug|x64
		{60D7971E-308D-424B-82B5-7CEDF6DDF757}.Debug|x64.Build.0 = Debug|x64
		{60D7971E-308D-424B-82B5-7CEDF6DDF757}.Debug|x86.ActiveCfg = Debug|Win32
		{60D7971E-308D-424B-82B5-7CEDF6DDF757}.Debug|x86.Build.0 = Debug|Win32
		{60D7971E-308D-424B-82B5-7CEDF6DDF757}.Release|x64.ActiveCfg = Release|x64
		{60D7971E-308D-424B-82B5-7CEDF6DDF757}.Release|x64.Build.0 = Release|x64
		{60D7971E-308D-424B-82B5-7CEDF6DDF757}.Release|x86.ActiveCfg = Release|Win32
		{60D7971E-308D-424B-82B5-7CEDF6DDF757}.Release|x86.Build.0 = Release|Win32
		{F29E985A-096F-4C13-8764-F2214DB632E1}.Debug|x64.ActiveCfg = Debug|x64
		{F29E985A-096F-4C13-8764-F2214DB632E1}.Debug|x64.Build.0 = Debug|x64
		{F29E985A-096F-4C13-8764-F2214DB632E1}.Debug|x86.ActiveCfg = Debug|Win32
		{F29E985A-096F-4C13-8764-F2214DB632E1}.Debug|x86.Build.0 = Debug|Win32
		{F29E985A-096F-4C13-8764-F2214DB632E1}.Release|x64.ActiveCfg = Release|x64
		{F29E985A-096F-4C13-8764-F2214DB632E1}.Release|x64.Build.0 = Release|x64
		{F29E985A-096F-4C13-8764-F2214DB632E1}.Release|x86.ActiveCfg = Release|Win32
		{F29E985A-096F-4C13-8764-F2214DB632E1}.Release|x86.Build.0 = Release|Win32
		{1E021ADB-A1B2-4A02-9563-A1600E3FD45C}.Debug|x64.ActiveCfg = Debug|x64
		{1E021ADB-A1B2-4A02-9563-A1600E3FD45C}.Debug|x64.Build.0 = Debug|x64
		{1E021ADB-A1B2-4A02-9563-A1600E3FD45C}.Debug|x86.ActiveCfg = Debug|Win32
		{1E021ADB-A1B2-4A02-9563-A1600E3FD45C}.Debug|x86.Build.0 = Debug|Win32
		{1E021ADB-A1B2-4A02-9563-A1600E3FD45C}.Release|x64.ActiveCfg = Release|x64
		{1E021ADB-A1B2-4A02-9563-A1600E3FD45C}.Release|x64.Build.0 = Release|x64
		{1E021ADB-A1B2-4A02-9563-A1600E3FD45C}.Release|x86.ActiveCfg = Release|Win32
		{1E021ADB-A1B2-4A02-9563-A1600E3FD45C}.Release|x86.Build.0 = Release|Win32
		{231E0AC1-85C3-4050-8F28-5A2259ACA2B6}.Debug|x64.ActiveCfg = Debug|x64
		{231E0AC1-85C3-4050-8F28-5A2259ACA2B6}.Debug|x64.Build.0 = Debug|x64
		{231E0AC1-85C3-4050-8F28-5A2259ACA2B6}.Debug|x86.ActiveCfg = Debug|Win32
		{231E0AC1-85C3-4050-8F28-5A2259ACA2B6}.Debug|x86.Build.0 = Debug|Win32
		{231E0AC1-85C3-4050-8F28-5A2259ACA2B6}.Release|x64.ActiveCfg = Release|x64
		{231E0AC1-85C3-4050-8F28-5A2259ACA2B6}.Release|x64.Build.0 = Release|x64
		{231E0AC1-85C3-4050-8F28-5A2259ACA2B6}.Release|x86.ActiveCfg = Release|Win32
		{231E0AC1-85C3-4050-8F28-5A2259ACA2B6}.Release|x86.Build.0 = Release|Win32
		{D14F24FC-6418-49DB-8C59-6FAEB78D4AF8}.Debug|x64.ActiveCfg = Debug|x64
		{D14F24FC-6418-49DB-8C59-6FAEB78D4AF8}.Debug|x64.Build.0 = Debug|x64
		{D14F24FC-6418-49DB-8C59-6FAEB78D4AF8}.Debug|x86.ActiveCfg = Debug|Win32
		{D14F24FC-6418-49DB-8C59-6FAEB78D4AF8}.Debug|x86.Build.0 = Debug|Win32
		{D14F24FC-6418-49DB-8C59-6FAEB78D4AF8}.Release|x64.ActiveCfg = Release|x64
		{D14F24FC-6418-49DB-8C59-6FAEB78D4AF8}.Release|x64.Build.0 = Release|x64
		{D14F24FC-6418-49DB-8C59-6FAEB78D4AF8}.Release|x86.ActiveCfg = Release|Win32
		{D14F24FC-6418-49DB-8C59-6FAEB78D4AF8}.Release|x86.Build.0 = Release|Win32
		{ABB22136-A211-4052-9B83-01ED3AF0CF54}.Debug|x64.ActiveCfg = Debug|x64
		{ABB22136-A211-4052-9B83-01ED3AF0CF54}.Debug|x64.Build.0 = Debug|x64
		{ABB22136-A211-4052-9B83-01ED3AF0CF54}.Debug|x86.ActiveCfg = Debug|Win32
		{ABB22136-A211-4052-9B83-01ED3AF0CF54}.Debug|x86.Build.0 = Debug|Win32
		{ABB22136-A211-4052-9B83-01ED3AF0CF54}.Release|x64.ActiveCfg = Release|x64
		{ABB22136-A211-4052-9B83-01ED3AF0CF54}.Release|x64.Build.0 = Release|x64
		{ABB22136-A211-4052-9B83-01ED3AF0CF54}.Release|x86.ActiveCfg = Release|Win32
		{ABB22136-A211-4052-9B83-01ED3AF0CF54}.Release|x86.Build.0 = Release|Win32
		{92667AD3-8403-4726-8669-DD37CF43FC38}.Debug|x64.ActiveCfg = Debug|x64
		{92667AD3-8403-4726-8669-DD37CF43FC38}.Debug|x64.Build.0 = Debug|x64
		{92667AD3-8403-4726-8669-DD37CF43FC38}.Debug|x86.ActiveCfg = Debug|Win32
		{92667AD3-8403-4726-8669-DD37CF43FC38}.Debug|x86.Build.0 = Debug|Win32
		{92667AD3-8403-4726-8669-DD37CF43FC38}.Release|x64.ActiveCfg = Release|x64
		{92667AD3-8403-4726-8669-DD37CF43FC38}.Release|x64.Build.0 = Release|x64
		{92667AD3-8403-4726-8669-DD37CF43FC38}.Release|x86.ActiveCfg = Release|Win32
		{92667AD3-8403-4726-8669-DD37CF43FC38}.Release|x86.Build.0 = Release|Win32
		{487D8D84-359A-4B12-922F-D8DA3B4E4601}.Debug|x64.ActiveCfg = Debug|x64
		{487D8D84-359A-4B12-922F-D8DA3B4E4601}.Debug|x64.Build.0 = Debug|x64
		{487D8D84-359A-4B12-922F-D8DA3B4E4601}.Debug|x86.ActiveCfg = Debug|Win32
		{487D8D84-359A-4B12-922F-D8DA3B4E4601}.Debug|x86.Build.0 = Debug|Win32
		{487D8D84-359A-4B12-922F-D8DA3B4E4601}.Release|x64.ActiveCfg = Release|x64
		{487D8D84-359A-4B12-922F-D8DA3B4E4601}.Release|x64.Build.0 = Release|x64
		{487D8D84-359A-4B12-922F-D8DA3B4E4601}.Release|x86.ActiveCfg = Release|Win32
		{487D8D84-359A-4B12-922F-D8DA3B4E4601}.Release|x86.Build.0 = Release|Win32
		{F2A344A4-A869-4E76-8623-9332127212DA}.Debug|x64.ActiveCfg = Debug|x64
		{F2A344A4-A869-4E76-8623-9332127212DA}.Debug|x64.Build.0 = Debug|x64
		{F2A344A4-A869-4E76-8623-9332127212DA}.Debug|x86.ActiveCfg = Debug|Win32
		{F2A344A4-A869-4E76-8623-9332127212DA}.Debug|x86.Build.0 = Debug|Win32
		{F2A344A4-A869-4E76-8623-9332127212DA}.Release|x64.ActiveCfg = Release|x64
		{F2A344A4-A869-4E76-8623-9332127212DA}.Release|x64.Build.0 = Release|x64
		{F2A344A4-A869-4E76-8623-9332127212DA}.Release|x86.ActiveCfg = Release|Win32
		{F2A344A4-A869-4E76-8623-9332127212DA}.Release|x86.Build.0 = Release|Win32
		{CD4F714B-CF69-483D-B4E7-9C15868097CA}.Debug|x64.ActiveCfg = Debug|x64
		{CD4F714B-CF69-483D-B4E7-9C15868097CA}.Debug|x64.Build.0 = Debug|x64
		{CD4F714B-CF69-483D-B4E7-9C15868097CA}.Debug|x86.ActiveCfg = Debug|Win32
		{CD4F714B-CF69-483D-B4E7-9C15868097CA}.Debug|x86.Build.0 = Debug|Win32
		{CD4F714B-CF69-483D-B4E7-9C15868097CA}.Release|x64.ActiveCfg = Release|x64
		{CD4F714B-CF69-483D-B4E7-9C15868097CA}.Release|x64.Build.0 = Release|x64
		{CD4F714B-CF69-483D-B4E7-9C15868097CA}.Release|x86.ActiveCfg = Release|Win32
		{CD4F714B-CF69-483D-B4E7-9C15868097CA}.Release|x86.Build.0 = Release|Win32
		{623FF70B-3222-4822-83D7-855B691AE638}.Debug|x64.ActiveCfg = Debug|x64
		{623FF70B-3222-4822-83D7-855B691AE638}.Debug|x64.Build.0 = Debug|x64
		{623FF70B-3222-4822-83D7-855B691AE638}.Debug|x86.ActiveCfg = Debug|Win32
		{623FF70B-3222-4822-83D7-855B691AE638}.Debug|x86.Build.0 = Debug|Win32
		{623FF70B-3222-4822-83D7-855B691AE638}.Release|x64.ActiveCfg = Release|x64
		{623FF70B-3222-4822-83D7-855B691AE638}.Release|x64.Build.0 = Release|x64
		{623FF70B-3222-4822-83D7-855B691AE638}.Release|x86.ActiveCfg = Release|Win32
		{623FF70B-3222-4822-83D7-855B691AE638}.Release|x86.Build.0 = Release|Win32
		{F3E6B2B6-D248-4B01-9D6D-DCAAFDADFA86}.Debug|x64.ActiveCfg = Debug|x64
		{F3E6B2B6-D248-4B01-9D6D-DCAAFDADFA86}.Debug|x64.Build.0 = Debug|x64
		{F3E6B2B6-D248-4B01-9D6D-DCAAFDADFA86}.Debug|x86.ActiveCfg = Debug|Win32
		{F3E6B2B6-D248-4B01-9D6D-DCAAFDADFA86}.Debug|x86.Build.0 = Debug|Win32
		{F3E6B2B6-D248-4B01-9D6D-DCAAFDADFA86}.Release|x64.ActiveCfg = Release|x64
		{F3E6B2B6-D248-4B01-9D6D-DCAAFDADFA86}.Release|x64.Build.0 = Release|x64
		{F3E6B2B6-D248-4B01-9D6D-DCAAFDADFA86}.Release|x86.ActiveCfg = Release|Win32
		{F3E6B2B6-D248-4B01-9D6D-DCAAFDADFA86}.Release|x86.Build.0 = Release|Win32
		{04EDAD9C-0FC0-45B0-BC85-74EF922A6428}.Debug|x64.ActiveCfg = Debug|x64
		{04EDAD9C-0FC0-45B0-BC85-74EF922A6428}.Debug|x64.Build.0 = Debug|x64
		{04EDAD9C-0FC0-45B0-BC85-74EF922A6428}.Debug|x86.ActiveCfg = Debug|Win32
		{04EDAD9C-0FC0-45B0-BC85-74EF922A6428}.Debug|x86.Build.0 = Debug|Win32
		{04EDAD9C-0FC0-45B0-BC85-74EF922A6428}.Release|x64.ActiveCfg = Release|x64
		{04EDAD9C-0FC0-45B0-BC85-74EF922A6428}.Release|x64.Build.0 = Release|x64
		{04EDAD9C-0FC0-45B0-BC85-74EF922A6428}.Release|x86.ActiveCfg = Release|Win32
		{04EDAD9C-0FC0-45B0-BC85-74EF922A6428}.Release|x86.Build.0 = Release|Win32
		{08E8EE2C-DF95-4BF2-9D09-0685BD4D6A95}.Debug|x64.ActiveCfg = Debug|x64
		{08E8EE2C-DF95-4BF2-9D09-0685BD4D6A95}.Debug|x64.Build.0 = Debug|x64
		{08E8EE2C-DF95-4BF2-9D09-0685BD4D6A95}.Debug|x86.ActiveCfg = Debug|Win32
		{08E8EE2C-DF95-4BF2-9D09-0685BD4D6A95}.Debug|x86.Build.0 = Debug|Win32
		{08E8EE2C-DF95-4BF2-9D09-0685BD4D6A95}.Release|x64.ActiveCfg = Release|x64
		{08E8EE2C-DF95-4BF2-9D09-0685BD4D6A95}.Release|x64.Build.0 = Release|x64
		{08E8EE2C-DF95-4BF2-9D09-0685BD4D6A95}.Release|x86.ActiveCfg = Release|Win32
		{08E8EE2C-DF95-4BF2-9D09-0685BD4D6A95}.Release|x86.Build.0 = Release|Win32
		{D529F81C-37E4-462B-804C-72BEA10E6C47}.Debug|x64.ActiveCfg = Debug|x64
		{D529F81C-37E4-462B-804C-72BEA10E6C47}.Debug|x64.Build.0 = Debug|x64
		{D529F81C-37E4-462B-804C-72BEA10E6C47}.Debug|x86.ActiveCfg = Debug|Win32
		{D529F81C-37E4-462B-804C-72BEA10E6C47}.Debug|x86.Build.0 = Debug|Win32
		{D529F81C-37E4-462B-804C-72BEA10E6C47}.Release|x64.ActiveCfg = Release|x64
		{D529F81C-37E4-462B-804C-72BEA10E6C47}.Release|x64.Build.0 = Release|x64
		{D529F81C-37E4-462B-804C-72BEA10E6C47}.Release|x86.ActiveCfg = Release|Win32
		{D529F81C-37E4-462B-804C-72BEA10E6C47}.Release|x86.Build.0 = Release|Win32
		{4DDDE98C-8F59-469D-B1C1-003628A46A5D}.Debug|x64.ActiveCfg = Debug|x64
		{4DDDE98C-8F59-469D-B1C1-003628A46A5D}.Debug|x64.Build.0 = Debug|x64
		{4DDDE98C-8F59-469D-B1C1-003628A46A5D}.Debug|x86.ActiveCfg = Debug|Win32
		{4DDDE98C-8F59-469D-B1C1-003628A46A5D}.Debug|x86.Build.0 = Debug|Win32
		{4DDDE98C-8F59-469D-B1C1-003628A46A5D}.Release|x64.ActiveCfg = Release|x64
		{4DDDE98C-8F59-469D-B1C1-003628A46A5D}.Release|x64.Build.0 = Release|x64
		{4DDDE98C-8F59-469D-B1C1-003628A46A5D}.Release|x86.ActiveCfg = Release|Win32
		{4DDDE98C-8F59-469D-B1C1-003628A46A5D}.Release|x86.Build.0 = Release|Win32
		{84F19C29-A81C-4BF3-8E95-CA3672B86032}.Debug|x64.ActiveCfg = Debug|x64
		{84F19C29-A81C-4BF3-8E95-CA3672B86032}.Debug|x64.Build.0 = Debug|x64
		{84F19C29-A81C-4BF3-8E95-CA3672B86032}.Debug|x86.ActiveCfg = Debug|Win32
		{84F19C29-A81C-4BF3-8E95-CA3672B86032}.Debug|x86.Build.0 = Debug|Win32
		{84F19C29-A81C-4BF3-8E95-CA3672B86032}.Release|x64.ActiveCfg = Release|x64
		{84F19C29-A81C-4BF3-8E95-CA3672B86032}.Release|x64.Build.0 = Release|x64
		{84F19C29-A81C-4BF3-8E95-CA3672B86032}.Release|x86.ActiveCfg = Release|Win32
		{84F19C29-A81C-4BF3-8E95-CA3672B86032}.Release|x86.Build.0 = Release|Win32
		{C21BB2DE-D67B-4593-87D1-2F6F30B78623}.Debug|x64.ActiveCfg = Debug|x64
		{C21BB2DE-D67B-4593-87D1-2F6F30B78623}.Debug|x64.Build.0 = Debug|x64
		{C21BB2DE-D67B-4593-87D1-2F6F30B78623}.Debug|x86.ActiveCfg = Debug|Win32
		{C21BB2DE-D67B-4593-87D1-2F6F30B78623}.Debug|x86.Build.0 = Debug|Win32
		{C21BB2DE-D67B-4593-87D1-2F6F30B78623}.Release|x64.ActiveCfg = Release|x64
		{C21BB2DE-D67B-4593-87D1-2F6F30B78623}.Release|x64.Build.0 = Release|x64
		{C21BB2DE-D67B-4593-87D1-2F6F30B78623}.Release|x86.ActiveCfg = Release|Win32
		{C21BB2DE-D67B-4593-87D1-2F6F30B78623}.Release|x86.Build.0 = Release|Win32
		{B9ADBE0E-DD25-4237-9A88-7CE106736851}.Debug|x64.ActiveCfg = Debug|x64
		{B9ADBE0E-DD25-4237-9A88-7CE106736851}.Debug|x64.Build.0 = Debug|x64
		{B9ADBE0E-DD25-4237-9A88-7CE106736851}.Debug|x86.ActiveCfg = Debug|Win32
		{B9ADBE0E-DD25-4237-9A88-7CE106736851}.Debug|x86.Build.0 = Debug|Win32
		{B9ADBE0E-DD25-4237-9A88-7CE106736851}.Release|x64.ActiveCfg = Release|x64
		{B9ADBE0E-DD25-4237-9A88-7CE106736851}.Release|x64.Build.0 = Release|x64
		{B9ADBE0E-DD25-4237-9A88-7CE106736851}.Release|x86.ActiveCfg = Release|Win32
		{B9ADBE0E-DD25-4237-9A88-7CE106736851}.Release|x86.Build.0 = Release|Win32
		{A526DE3B-5CCD-4075-9CE3-C279807F4790}.Debug|x64.ActiveCfg = Debug|x64
		{A526DE3B-5CCD-4075-9CE3-C279807F4790}.Debug|x64.Build.0 = Debug|x64
		{A526DE3B-5CCD-4075-9CE3-C279807F4790}.Debug|x86.ActiveCfg = Debug|Win32
		{A526DE3B-5CCD-4075-9CE3-C279807F4790}.Debug|x86.Build.0 = Debug|Win32
		{A526DE3B-5CCD-4075-9CE3-C279807F4790}.Release|x64.ActiveCfg = Release|x64
		{A526DE3B-5CCD-4075-9CE3-C279807F4790}.Release|x64.Build.0 = Release|x64
		{A526DE3B-5CCD-4075-9CE3-C279807F4790}.Release|x86.ActiveCfg = Release|Win32
		{A526DE3B-5CCD-4075-9CE3-C279807F4790}.Release|x86.Build.0 = Release|Win32
		{4FFB910B-40DD-4773-A361-1EFBEA02B45A}.Debug|x64.ActiveCfg = Debug|x64
		{4FFB910B-40DD-4773-A361-1EFBEA02B45A}.Debug|x64.Build.0 = Debug|x64
		{4FFB910B-40DD-4773-A361-1EFBEA02B45A}.Debug|x86.ActiveCfg = Debug|Win32
		{4FFB910B-40DD-4773-A361-1EFBEA02B45A}.Debug|x86.Build.0 = Debug|Win32
		{4FFB910B-40DD-4773-A361-1EFBEA02B45A}.Release|x64.ActiveCfg = Release|x64
		{4FFB910B-40DD-4773-A361-1EFBEA02B45A}.Release|x64.Build.0 = Release|x64
		{4FFB910B-40DD-4773-A361-1EFBEA02B45A}.Release|x86.ActiveCfg = Release|Win32
		{4FFB910B-40DD-4773-A361-1EFBEA02B45A}.Release|x86.Build.0 = Release|Win32
		{B6A530AF-E050-42C0-AACD-47E85AF99013}.Debug|x64.ActiveCfg = Debug|x64
		{B6A530AF-E050-42C0-AACD-47E85AF99013}.Debug|x64.Build.0 = Debug|x64
		{B6A530AF-E050-42C0-AACD-47E85AF99013}.Debug|x86.ActiveCfg = Debug|Win32
		{B6A530AF-E050-42C0-AACD-47E85AF99013}.Debug|x86.Build.0 = Debug|Win32
		{B6A530AF-E050-42C0-AACD-47E85AF99013}.Release|x64.ActiveCfg = Release|x64
		{B6A530AF-E050-42C0-AACD-47E85AF99013}.Release|x64.Build.0 = Release|x64
		{B6A530AF-E050-42C0-AACD-47E85AF99013}.Release|x86.ActiveCfg = Release|Win32
		{B6A530AF-E050-42C0-AACD-47E85AF99013}.Release|x86.Build.0 = Release|Win32
		{D4EC32D5-BD64-4F6D-A67A-BA541E1FD375}.Debug|x64.ActiveCfg = Debug|x64
		{D4EC32D5-BD64-4F6D-A67A-BA541E1FD375}.Debug|x64.Build.0 = Debug|x64
		{D4EC32D5-BD64-4F6D-A67A-BA541E1FD375}.Debug|x86.ActiveCfg = Debug|Win32
		{D4EC32D5-BD64-4F6D-A67A-BA541E1FD375}.Debug|x86.Build.0 = Debug|Win32
		{D4EC32D5-BD64-4F6D-A67A-BA541E1FD375}.Release|x64.ActiveCfg = Release|x64
		{D4EC32D5-BD64-4F6D-A67A-BA541E1FD375}.Release|x64.Build.0 = Release|x64
		{D4EC32D5-BD64-4F6D-A67A-BA541E1FD375}.Release|x86.ActiveCfg = Release|Win32
		{D4EC32D5-BD64-4F6D-A67A-BA541E1FD375}.Release|x86.Build.0 = Release|Win32
		{019F1C36-DA29-4441-8F4D-7E619BD7B1BA}.Debug|x64.ActiveCfg = Debug|x64
		{019F1C36-DA29-4441-8F4D-7E619BD7B1BA}.Debug|x64.Build.0 = Debug|x64
		{019F1C36-DA29-4441-8F4D-7E619BD7B1BA}.Debug|x86.ActiveCfg = Debug|Win32
		{019F1C36-DA29-4441-8F4D-7E619BD7B1BA}.Debug|x86.Build.0 = Debug|Win32
		{019F1C36-DA29-4441-8F4D-7E619BD7B1BA}.Release|x64.ActiveCfg = Release|x64
		{019F1C36-DA29-4441-8F4D-7E619BD7B1BA}.Release|x64.Build.0 = Release|x64
		{019F1C36-DA29-4441-8F4D-7E619BD7B1BA}.Release|x86.ActiveCfg = Release|Win32
		{019F1C36-DA29-4441-8F4D-7E619BD7B1BA}.Release|x86.Build.0 = Release|Win32
		{B46A4D1C-2F3E-48EE-9606-64377E75D975}.Debug|x64.ActiveCfg = Debug|x64
		{B46A4D1C-2F3E-48EE-9606-64377E75D975}.Debug|x64.Build.0 = Debug|x64
		{B46A4D1C-2F3E-48EE-9606-64377E75D975}.Debug|x86.ActiveCfg = Debug|Win32
		{B46A4D1C-2F3E-48EE-9606-64377E75D975}.Debug|x86.Build.0 = Debug|Win32
		{B46A4D1C-2F3E-48EE-9606-64377E75D975}.Release|x64.ActiveCfg = Release|x64
		{B46A4D1C-2F3E-48EE-9606-64377E75D975}.Release|x64.Build.0 = Release|x64
		{B46A4D1C-2F3E-48EE-9606-64377E75D975}.Release|x86.ActiveCfg = Release|Win32
		{B46A4D1C-2F3E-48EE-9606-64377E75D975}.Release|x86.Build.0 = Release|Win32
		{776DCD90-396D-4E5D-AD83-9C7A7510B373}.Debug|x64.ActiveCfg = Debug|x64
		{776DCD90-396D-4E5D-AD83-9C7A7510B373}.Debug|x64.Build.0 = Debug|x64
		{776DCD90-396D-4E5D-AD83-9C7A7510B373}.Debug|x86.ActiveCfg = Debug|Win32
		{776DCD90-396D-4E5D-AD83-9C7A7510B373}.Debug|x86.Build.0 = Debug|Win32
		{776DCD90-396D-4E5D-AD83-9C7A7510B373}.Release|x64.ActiveCfg = Release|x64
		{776DCD90-396D-4E5D-AD83-9C7A7510B373}.Release|x64.Build.0 = Release|x64
		{776DCD90-396D-4E5D-AD83-9C7A7510B373}.Release|x86.ActiveCfg = Release|Win32
		{776DCD90-396D-4E5D-AD83-9C7A7510B373}.Release|x86.Build.0 = Release|Win32
		{DC5A28B4-C298-4BF5-9809-C4FC68937841}.Debug|x64.ActiveCfg = Debug|x64
		{DC5A28B4-C298-4BF5-9809-C4FC68937841}.Debug|x64.Build.0 = Debug|x64
		{DC5A28B4-C298-4BF5-9809-C4FC68937841}.Debug|x86.ActiveCfg = Debug|Win32
		{DC5A28B4-C298-4BF5-9809-C4FC68937841}.Debug|x86.Build.0 = Debug|Win32
		{DC5A28B4-C298-4BF5-9809-C4FC68937841}.Release|x64.ActiveCfg = Release|x64
		{DC5A28B4-C298-4BF5-9809-C4FC68937841}.Release|x64.Build.0 = Release|x64
		{DC5A28B4-C298-4BF5-9809-C4FC68937841}.Release|x86.ActiveCfg = Release|Win32
		{DC5A28B4-C298-4BF5-9809-C4FC68937841}.Release|x86.Build.0 = Release|Win32
		{071B5231-BEA0-422C-8C3A-24ABE2F6B286}.Debug|x64.ActiveCfg = Debug|x64
		{071B5231-BEA0-422C-8C3A-24ABE2F6B286}.Debug|x64.Build.0 = Debug|x64
		{071B5231-BEA0-422C-8C3A-24ABE2F6B286}.Debug|x86.ActiveCfg = Debug|Win32
		{071B5231-BEA0-422C-8C3A-24ABE2F6B286}.Debug|x86.Build.0 = Debug|Win32
		{071B5231-BEA0-422C-8C3A-24ABE2F6B286}.Release|x64.ActiveCfg = Release|x64
		{071B5231-BEA0-422C-8C3A-24ABE2F6B286}.Release|x64.Build.0 = Release|x64
		{071B5231-BEA0-422C-8C3A-24ABE2F6B286}.Release|x86.ActiveCfg = Release|Win32
		{071B5231-BEA0-422C-8C3A-24ABE2F6B286}.Release|x86.Build.0 = Release|Win32
		{52F42827-1864-492B-805B-C914E0485415}.Debug|x64.ActiveCfg = Debug|x64
		{52F42827-1864-492B-805B-C914E0485415}.Debug|x64.Build.0 = Debug|x64
		{52F42827-1864-492B-805B-C914E0485415}.Debug|x86.ActiveCfg = Debug|Win32
		{52F42827-1864-492B-805B-C914E0485415}.Debug|x86.Build.0 = Debug|Win32
		{52F42827-1864-492B-805B-C914E0485415}.Release|x64.ActiveCfg = Release|x64
		{52F42827-1864-492B-805B-C914E0485415}.Release|x64.Build.0 = Release|x64
		{52F42827-1864-492B-805B-C914E0485415}.Release|x86.ActiveCfg = Release|Win32
		{52F42827-1864-492B-805B-C914E0485415}.Release|x86.Build.0 = Release|Win32
	EndGlobalSection
	GlobalSection(SolutionProperties) = preSolution
		HideSolutionNode = FALSE
	EndGlobalSection
	GlobalSection(ExtensibilityGlobals) = postSolution
		SolutionGuid = {4726CA67-5864-42AD-AD1E-614E5EFEB18A}
	EndGlobalSection
EndGlobal
